// !$*UTF8*$!
{
	archiveVersion = 1;
	classes = {
	};
	objectVersion = 48;
	objects = {

/* Begin PBXBuildFile section */
		1200753880DAA6E5B07DF5BC /* Pods_virtualwallet.framework in Frameworks */ = {isa = PBXBuildFile; fileRef = 8E97E907831AD4A73621D554 /* Pods_virtualwallet.framework */; };
		5725C91B204377E0001099E0 /* QuotationsDelegateSpy.swift in Sources */ = {isa = PBXBuildFile; fileRef = 5725C91A204377E0001099E0 /* QuotationsDelegateSpy.swift */; };
		5725C91D2043822E001099E0 /* SupportedCurrencies.swift in Sources */ = {isa = PBXBuildFile; fileRef = 5725C91C2043822E001099E0 /* SupportedCurrencies.swift */; };
		574AC2D3203911BA006FFF97 /* RESTService.swift in Sources */ = {isa = PBXBuildFile; fileRef = 574AC2D2203911B9006FFF97 /* RESTService.swift */; };
		574AC2D52039130A006FFF97 /* NetworkError.swift in Sources */ = {isa = PBXBuildFile; fileRef = 574AC2D42039130A006FFF97 /* NetworkError.swift */; };
		574AC2D8203914A8006FFF97 /* URLDescriptor.swift in Sources */ = {isa = PBXBuildFile; fileRef = 574AC2D7203914A8006FFF97 /* URLDescriptor.swift */; };
		574AC2DA2039F82E006FFF97 /* Default-568h@2x.png in Resources */ = {isa = PBXBuildFile; fileRef = 574AC2D92039F82E006FFF97 /* Default-568h@2x.png */; };
		574AC2DF2039F9BC006FFF97 /* UpdateCurrencyTest.swift in Sources */ = {isa = PBXBuildFile; fileRef = 574AC2DE2039F9BC006FFF97 /* UpdateCurrencyTest.swift */; };
		574AC2E32039FD60006FFF97 /* Service.swift in Sources */ = {isa = PBXBuildFile; fileRef = 574AC2E22039FD60006FFF97 /* Service.swift */; };
		57764F262036316A00FFCE08 /* AppDelegate.swift in Sources */ = {isa = PBXBuildFile; fileRef = 57764F252036316A00FFCE08 /* AppDelegate.swift */; };
		57764F282036316A00FFCE08 /* FirstViewController.swift in Sources */ = {isa = PBXBuildFile; fileRef = 57764F272036316A00FFCE08 /* FirstViewController.swift */; };
		57764F2A2036316A00FFCE08 /* SecondViewController.swift in Sources */ = {isa = PBXBuildFile; fileRef = 57764F292036316A00FFCE08 /* SecondViewController.swift */; };
		57764F2D2036316A00FFCE08 /* Main.storyboard in Resources */ = {isa = PBXBuildFile; fileRef = 57764F2B2036316A00FFCE08 /* Main.storyboard */; };
		57764F2F2036316A00FFCE08 /* Assets.xcassets in Resources */ = {isa = PBXBuildFile; fileRef = 57764F2E2036316A00FFCE08 /* Assets.xcassets */; };
		57764F322036316A00FFCE08 /* LaunchScreen.storyboard in Resources */ = {isa = PBXBuildFile; fileRef = 57764F302036316A00FFCE08 /* LaunchScreen.storyboard */; };
		57764F49203636F000FFCE08 /* R.generated.swift in Sources */ = {isa = PBXBuildFile; fileRef = 57764F48203636F000FFCE08 /* R.generated.swift */; };
		57764F50203649D300FFCE08 /* CurrencyTransactionTest.swift in Sources */ = {isa = PBXBuildFile; fileRef = 57764F4F203649D300FFCE08 /* CurrencyTransactionTest.swift */; };
		57764F532038C35D00FFCE08 /* CurrencyTransaction.swift in Sources */ = {isa = PBXBuildFile; fileRef = 57764F522038C35D00FFCE08 /* CurrencyTransaction.swift */; };
		57764F562038C3B400FFCE08 /* Wallet.swift in Sources */ = {isa = PBXBuildFile; fileRef = 57764F552038C3B400FFCE08 /* Wallet.swift */; };
		57764F592038C5E400FFCE08 /* CurrencyProperties.swift in Sources */ = {isa = PBXBuildFile; fileRef = 57764F582038C5E400FFCE08 /* CurrencyProperties.swift */; };
		57764F5C2038D35C00FFCE08 /* TransactionError.swift in Sources */ = {isa = PBXBuildFile; fileRef = 57764F5B2038D35C00FFCE08 /* TransactionError.swift */; };
		5784E0592038D3AA0096B151 /* AppError.swift in Sources */ = {isa = PBXBuildFile; fileRef = 5784E0582038D3AA0096B151 /* AppError.swift */; };
		5784E05D2038FA6C0096B151 /* BaseRouter.swift in Sources */ = {isa = PBXBuildFile; fileRef = 5784E05C2038FA6C0096B151 /* BaseRouter.swift */; };
		5784E05F2038FACD0096B151 /* CentralBankRouter.swift in Sources */ = {isa = PBXBuildFile; fileRef = 5784E05E2038FACD0096B151 /* CentralBankRouter.swift */; };
		5784E0622038FDBC0096B151 /* Date+Additions.swift in Sources */ = {isa = PBXBuildFile; fileRef = 5784E0612038FDBC0096B151 /* Date+Additions.swift */; };
		5784E0652038FF170096B151 /* UpdateCurrencyPropertiesOperation.swift in Sources */ = {isa = PBXBuildFile; fileRef = 5784E0642038FF170096B151 /* UpdateCurrencyPropertiesOperation.swift */; };
		5784E067203906570096B151 /* CustomOperation.swift in Sources */ = {isa = PBXBuildFile; fileRef = 5784E066203906570096B151 /* CustomOperation.swift */; };
		57881F46203BA1F400B7CFE4 /* JSONQuotation.swift in Sources */ = {isa = PBXBuildFile; fileRef = 57881F45203BA1F400B7CFE4 /* JSONQuotation.swift */; };
		57881F48203BABEA00B7CFE4 /* JSONError.swift in Sources */ = {isa = PBXBuildFile; fileRef = 57881F47203BABEA00B7CFE4 /* JSONError.swift */; };
		57881F4A203BBB0800B7CFE4 /* DoubleAdditions.swift in Sources */ = {isa = PBXBuildFile; fileRef = 57881F49203BBB0800B7CFE4 /* DoubleAdditions.swift */; };
		57AEF91320434294001E77C8 /* JSONQuotationTest.swift in Sources */ = {isa = PBXBuildFile; fileRef = 57AEF91220434294001E77C8 /* JSONQuotationTest.swift */; };
		57AEF91620434BC9001E77C8 /* QuotationsViewModel.swift in Sources */ = {isa = PBXBuildFile; fileRef = 57AEF91520434BC9001E77C8 /* QuotationsViewModel.swift */; };
		57AEF9182043512F001E77C8 /* UIViewController+Additions.swift in Sources */ = {isa = PBXBuildFile; fileRef = 57AEF9172043512F001E77C8 /* UIViewController+Additions.swift */; };
		57AEF91B2043589E001E77C8 /* QuotationsViewModelTest.swift in Sources */ = {isa = PBXBuildFile; fileRef = 57AEF91A2043589E001E77C8 /* QuotationsViewModelTest.swift */; };
		57AEF91E20435CFD001E77C8 /* DateAdditionsTest.swift in Sources */ = {isa = PBXBuildFile; fileRef = 57AEF91D20435CFD001E77C8 /* DateAdditionsTest.swift */; };
		D107A30098519810DB6923E9 /* Pods_virtualwalletTests.framework in Frameworks */ = {isa = PBXBuildFile; fileRef = 1BEA10AB6DD3C043122ACA91 /* Pods_virtualwalletTests.framework */; };
/* End PBXBuildFile section */

/* Begin PBXContainerItemProxy section */
		57764F392036316A00FFCE08 /* PBXContainerItemProxy */ = {
			isa = PBXContainerItemProxy;
			containerPortal = 57764F1A2036316A00FFCE08 /* Project object */;
			proxyType = 1;
			remoteGlobalIDString = 57764F212036316A00FFCE08;
			remoteInfo = virtualwallet;
		};
/* End PBXContainerItemProxy section */

/* Begin PBXFileReference section */
		1BEA10AB6DD3C043122ACA91 /* Pods_virtualwalletTests.framework */ = {isa = PBXFileReference; explicitFileType = wrapper.framework; includeInIndex = 0; path = Pods_virtualwalletTests.framework; sourceTree = BUILT_PRODUCTS_DIR; };
		2EF34C4A8A5AE5EF548A87E0 /* Pods-virtualwallet.release.xcconfig */ = {isa = PBXFileReference; includeInIndex = 1; lastKnownFileType = text.xcconfig; name = "Pods-virtualwallet.release.xcconfig"; path = "Pods/Target Support Files/Pods-virtualwallet/Pods-virtualwallet.release.xcconfig"; sourceTree = "<group>"; };
		5725C91A204377E0001099E0 /* QuotationsDelegateSpy.swift */ = {isa = PBXFileReference; lastKnownFileType = sourcecode.swift; path = QuotationsDelegateSpy.swift; sourceTree = "<group>"; };
		5725C91C2043822E001099E0 /* SupportedCurrencies.swift */ = {isa = PBXFileReference; lastKnownFileType = sourcecode.swift; path = SupportedCurrencies.swift; sourceTree = "<group>"; };
		574AC2D2203911B9006FFF97 /* RESTService.swift */ = {isa = PBXFileReference; fileEncoding = 4; lastKnownFileType = sourcecode.swift; path = RESTService.swift; sourceTree = "<group>"; };
		574AC2D42039130A006FFF97 /* NetworkError.swift */ = {isa = PBXFileReference; lastKnownFileType = sourcecode.swift; path = NetworkError.swift; sourceTree = "<group>"; };
		574AC2D7203914A8006FFF97 /* URLDescriptor.swift */ = {isa = PBXFileReference; lastKnownFileType = sourcecode.swift; path = URLDescriptor.swift; sourceTree = "<group>"; };
		574AC2D92039F82E006FFF97 /* Default-568h@2x.png */ = {isa = PBXFileReference; lastKnownFileType = image.png; path = "Default-568h@2x.png"; sourceTree = "<group>"; };
		574AC2DE2039F9BC006FFF97 /* UpdateCurrencyTest.swift */ = {isa = PBXFileReference; lastKnownFileType = sourcecode.swift; path = UpdateCurrencyTest.swift; sourceTree = "<group>"; };
		574AC2E22039FD60006FFF97 /* Service.swift */ = {isa = PBXFileReference; lastKnownFileType = sourcecode.swift; path = Service.swift; sourceTree = "<group>"; };
		57764F222036316A00FFCE08 /* virtualwallet.app */ = {isa = PBXFileReference; explicitFileType = wrapper.application; includeInIndex = 0; path = virtualwallet.app; sourceTree = BUILT_PRODUCTS_DIR; };
		57764F252036316A00FFCE08 /* AppDelegate.swift */ = {isa = PBXFileReference; lastKnownFileType = sourcecode.swift; path = AppDelegate.swift; sourceTree = "<group>"; };
		57764F272036316A00FFCE08 /* FirstViewController.swift */ = {isa = PBXFileReference; lastKnownFileType = sourcecode.swift; path = FirstViewController.swift; sourceTree = "<group>"; };
		57764F292036316A00FFCE08 /* SecondViewController.swift */ = {isa = PBXFileReference; lastKnownFileType = sourcecode.swift; path = SecondViewController.swift; sourceTree = "<group>"; };
		57764F2C2036316A00FFCE08 /* Base */ = {isa = PBXFileReference; lastKnownFileType = file.storyboard; name = Base; path = Base.lproj/Main.storyboard; sourceTree = "<group>"; };
		57764F2E2036316A00FFCE08 /* Assets.xcassets */ = {isa = PBXFileReference; lastKnownFileType = folder.assetcatalog; path = Assets.xcassets; sourceTree = "<group>"; };
		57764F312036316A00FFCE08 /* Base */ = {isa = PBXFileReference; lastKnownFileType = file.storyboard; name = Base; path = Base.lproj/LaunchScreen.storyboard; sourceTree = "<group>"; };
		57764F332036316A00FFCE08 /* Info.plist */ = {isa = PBXFileReference; lastKnownFileType = text.plist.xml; path = Info.plist; sourceTree = "<group>"; };
		57764F382036316A00FFCE08 /* virtualwalletTests.xctest */ = {isa = PBXFileReference; explicitFileType = wrapper.cfbundle; includeInIndex = 0; path = virtualwalletTests.xctest; sourceTree = BUILT_PRODUCTS_DIR; };
		57764F3E2036316A00FFCE08 /* Info.plist */ = {isa = PBXFileReference; lastKnownFileType = text.plist.xml; path = Info.plist; sourceTree = "<group>"; };
		57764F48203636F000FFCE08 /* R.generated.swift */ = {isa = PBXFileReference; fileEncoding = 4; lastKnownFileType = sourcecode.swift; path = R.generated.swift; sourceTree = SOURCE_ROOT; };
		57764F4F203649D300FFCE08 /* CurrencyTransactionTest.swift */ = {isa = PBXFileReference; lastKnownFileType = sourcecode.swift; path = CurrencyTransactionTest.swift; sourceTree = "<group>"; };
		57764F522038C35D00FFCE08 /* CurrencyTransaction.swift */ = {isa = PBXFileReference; lastKnownFileType = sourcecode.swift; path = CurrencyTransaction.swift; sourceTree = "<group>"; };
		57764F552038C3B400FFCE08 /* Wallet.swift */ = {isa = PBXFileReference; lastKnownFileType = sourcecode.swift; path = Wallet.swift; sourceTree = "<group>"; };
		57764F582038C5E400FFCE08 /* CurrencyProperties.swift */ = {isa = PBXFileReference; lastKnownFileType = sourcecode.swift; path = CurrencyProperties.swift; sourceTree = "<group>"; };
		57764F5B2038D35C00FFCE08 /* TransactionError.swift */ = {isa = PBXFileReference; lastKnownFileType = sourcecode.swift; path = TransactionError.swift; sourceTree = "<group>"; };
		5784E0582038D3AA0096B151 /* AppError.swift */ = {isa = PBXFileReference; lastKnownFileType = sourcecode.swift; path = AppError.swift; sourceTree = "<group>"; };
		5784E05C2038FA6C0096B151 /* BaseRouter.swift */ = {isa = PBXFileReference; lastKnownFileType = sourcecode.swift; path = BaseRouter.swift; sourceTree = "<group>"; };
		5784E05E2038FACD0096B151 /* CentralBankRouter.swift */ = {isa = PBXFileReference; lastKnownFileType = sourcecode.swift; path = CentralBankRouter.swift; sourceTree = "<group>"; };
		5784E0612038FDBC0096B151 /* Date+Additions.swift */ = {isa = PBXFileReference; lastKnownFileType = sourcecode.swift; path = "Date+Additions.swift"; sourceTree = "<group>"; };
		5784E0642038FF170096B151 /* UpdateCurrencyPropertiesOperation.swift */ = {isa = PBXFileReference; lastKnownFileType = sourcecode.swift; path = UpdateCurrencyPropertiesOperation.swift; sourceTree = "<group>"; };
		5784E066203906570096B151 /* CustomOperation.swift */ = {isa = PBXFileReference; lastKnownFileType = sourcecode.swift; path = CustomOperation.swift; sourceTree = "<group>"; };
		57881F45203BA1F400B7CFE4 /* JSONQuotation.swift */ = {isa = PBXFileReference; lastKnownFileType = sourcecode.swift; path = JSONQuotation.swift; sourceTree = "<group>"; };
		57881F47203BABEA00B7CFE4 /* JSONError.swift */ = {isa = PBXFileReference; lastKnownFileType = sourcecode.swift; path = JSONError.swift; sourceTree = "<group>"; };
		57881F49203BBB0800B7CFE4 /* DoubleAdditions.swift */ = {isa = PBXFileReference; lastKnownFileType = sourcecode.swift; path = DoubleAdditions.swift; sourceTree = "<group>"; };
		57AEF91220434294001E77C8 /* JSONQuotationTest.swift */ = {isa = PBXFileReference; lastKnownFileType = sourcecode.swift; path = JSONQuotationTest.swift; sourceTree = "<group>"; };
		57AEF91520434BC9001E77C8 /* QuotationsViewModel.swift */ = {isa = PBXFileReference; lastKnownFileType = sourcecode.swift; path = QuotationsViewModel.swift; sourceTree = "<group>"; };
		57AEF9172043512F001E77C8 /* UIViewController+Additions.swift */ = {isa = PBXFileReference; lastKnownFileType = sourcecode.swift; path = "UIViewController+Additions.swift"; sourceTree = "<group>"; };
		57AEF91A2043589E001E77C8 /* QuotationsViewModelTest.swift */ = {isa = PBXFileReference; lastKnownFileType = sourcecode.swift; path = QuotationsViewModelTest.swift; sourceTree = "<group>"; };
		57AEF91D20435CFD001E77C8 /* DateAdditionsTest.swift */ = {isa = PBXFileReference; lastKnownFileType = sourcecode.swift; path = DateAdditionsTest.swift; sourceTree = "<group>"; };
		8661E187FFB4532C6EBF522B /* Pods-virtualwallet.debug.xcconfig */ = {isa = PBXFileReference; includeInIndex = 1; lastKnownFileType = text.xcconfig; name = "Pods-virtualwallet.debug.xcconfig"; path = "Pods/Target Support Files/Pods-virtualwallet/Pods-virtualwallet.debug.xcconfig"; sourceTree = "<group>"; };
		8E97E907831AD4A73621D554 /* Pods_virtualwallet.framework */ = {isa = PBXFileReference; explicitFileType = wrapper.framework; includeInIndex = 0; path = Pods_virtualwallet.framework; sourceTree = BUILT_PRODUCTS_DIR; };
		D9F7B6A320343AA12E77F807 /* Pods-virtualwalletTests.debug.xcconfig */ = {isa = PBXFileReference; includeInIndex = 1; lastKnownFileType = text.xcconfig; name = "Pods-virtualwalletTests.debug.xcconfig"; path = "Pods/Target Support Files/Pods-virtualwalletTests/Pods-virtualwalletTests.debug.xcconfig"; sourceTree = "<group>"; };
		DAFA3501CA3DED79F6261CCB /* Pods-virtualwalletTests.release.xcconfig */ = {isa = PBXFileReference; includeInIndex = 1; lastKnownFileType = text.xcconfig; name = "Pods-virtualwalletTests.release.xcconfig"; path = "Pods/Target Support Files/Pods-virtualwalletTests/Pods-virtualwalletTests.release.xcconfig"; sourceTree = "<group>"; };
/* End PBXFileReference section */

/* Begin PBXFrameworksBuildPhase section */
		57764F1F2036316A00FFCE08 /* Frameworks */ = {
			isa = PBXFrameworksBuildPhase;
			buildActionMask = 2147483647;
			files = (
				1200753880DAA6E5B07DF5BC /* Pods_virtualwallet.framework in Frameworks */,
			);
			runOnlyForDeploymentPostprocessing = 0;
		};
		57764F352036316A00FFCE08 /* Frameworks */ = {
			isa = PBXFrameworksBuildPhase;
			buildActionMask = 2147483647;
			files = (
				D107A30098519810DB6923E9 /* Pods_virtualwalletTests.framework in Frameworks */,
			);
			runOnlyForDeploymentPostprocessing = 0;
		};
/* End PBXFrameworksBuildPhase section */

/* Begin PBXGroup section */
		5725C919204377C7001099E0 /* spies */ = {
			isa = PBXGroup;
			children = (
				5725C91A204377E0001099E0 /* QuotationsDelegateSpy.swift */,
			);
			path = spies;
			sourceTree = "<group>";
		};
		574AC2CF20390DD7006FFF97 /* Service */ = {
			isa = PBXGroup;
			children = (
				574AC2D2203911B9006FFF97 /* RESTService.swift */,
			);
			name = Service;
			sourceTree = "<group>";
		};
		574AC2D62039143F006FFF97 /* Router */ = {
			isa = PBXGroup;
			children = (
				5784E05C2038FA6C0096B151 /* BaseRouter.swift */,
				5784E05E2038FACD0096B151 /* CentralBankRouter.swift */,
				574AC2D7203914A8006FFF97 /* URLDescriptor.swift */,
			);
			name = Router;
			sourceTree = "<group>";
		};
		574AC2DB2039F968006FFF97 /* Network */ = {
			isa = PBXGroup;
			children = (
				574AC2DE2039F9BC006FFF97 /* UpdateCurrencyTest.swift */,
			);
			path = Network;
			sourceTree = "<group>";
		};
		574AC2E12039FD52006FFF97 /* protocols */ = {
			isa = PBXGroup;
			children = (
				574AC2E22039FD60006FFF97 /* Service.swift */,
			);
			path = protocols;
			sourceTree = "<group>";
		};
		57764F192036316A00FFCE08 = {
			isa = PBXGroup;
			children = (
				574AC2D92039F82E006FFF97 /* Default-568h@2x.png */,
				57764F242036316A00FFCE08 /* virtualwallet */,
				57764F3B2036316A00FFCE08 /* virtualwalletTests */,
				57764F232036316A00FFCE08 /* Products */,
				9684AEC8C84168EF5111430D /* Pods */,
				7F8E0B406E5815A88FA47C88 /* Frameworks */,
			);
			sourceTree = "<group>";
		};
		57764F232036316A00FFCE08 /* Products */ = {
			isa = PBXGroup;
			children = (
				57764F222036316A00FFCE08 /* virtualwallet.app */,
				57764F382036316A00FFCE08 /* virtualwalletTests.xctest */,
			);
			name = Products;
			sourceTree = "<group>";
		};
		57764F242036316A00FFCE08 /* virtualwallet */ = {
			isa = PBXGroup;
			children = (
				57AEF91420434BB2001E77C8 /* Quotations */,
				57881F41203B9E4100B7CFE4 /* JSON */,
				574AC2E12039FD52006FFF97 /* protocols */,
				5784E0602038FDAC0096B151 /* additions */,
				5784E05B2038F7960096B151 /* network */,
				57764F5A2038D34900FFCE08 /* errors */,
				57764F542038C3A700FFCE08 /* wallet */,
				57764F512038C34C00FFCE08 /* transactions */,
				57764F48203636F000FFCE08 /* R.generated.swift */,
				57764F252036316A00FFCE08 /* AppDelegate.swift */,
				57764F272036316A00FFCE08 /* FirstViewController.swift */,
				57764F292036316A00FFCE08 /* SecondViewController.swift */,
				57764F2B2036316A00FFCE08 /* Main.storyboard */,
				57764F2E2036316A00FFCE08 /* Assets.xcassets */,
				57764F302036316A00FFCE08 /* LaunchScreen.storyboard */,
				57764F332036316A00FFCE08 /* Info.plist */,
			);
			path = virtualwallet;
			sourceTree = "<group>";
		};
		57764F3B2036316A00FFCE08 /* virtualwalletTests */ = {
			isa = PBXGroup;
			children = (
				57AEF91C20435CE2001E77C8 /* Additions */,
				57AEF91920435888001E77C8 /* quotations */,
				57AEF9112043427E001E77C8 /* JSONParser */,
				574AC2DB2039F968006FFF97 /* Network */,
				57764F4C2036499600FFCE08 /* transactions */,
				57764F3E2036316A00FFCE08 /* Info.plist */,
			);
			path = virtualwalletTests;
			sourceTree = "<group>";
		};
		57764F4C2036499600FFCE08 /* transactions */ = {
			isa = PBXGroup;
			children = (
				57764F4F203649D300FFCE08 /* CurrencyTransactionTest.swift */,
			);
			name = transactions;
			sourceTree = "<group>";
		};
		57764F512038C34C00FFCE08 /* transactions */ = {
			isa = PBXGroup;
			children = (
				57764F522038C35D00FFCE08 /* CurrencyTransaction.swift */,
			);
			name = transactions;
			sourceTree = "<group>";
		};
		57764F542038C3A700FFCE08 /* wallet */ = {
			isa = PBXGroup;
			children = (
				57764F572038C5D200FFCE08 /* currencies */,
				57764F552038C3B400FFCE08 /* Wallet.swift */,
			);
			path = wallet;
			sourceTree = "<group>";
		};
		57764F572038C5D200FFCE08 /* currencies */ = {
			isa = PBXGroup;
			children = (
				57764F582038C5E400FFCE08 /* CurrencyProperties.swift */,
			);
			name = currencies;
			sourceTree = "<group>";
		};
		57764F5A2038D34900FFCE08 /* errors */ = {
			isa = PBXGroup;
			children = (
				57764F5B2038D35C00FFCE08 /* TransactionError.swift */,
				5784E0582038D3AA0096B151 /* AppError.swift */,
				574AC2D42039130A006FFF97 /* NetworkError.swift */,
				57881F47203BABEA00B7CFE4 /* JSONError.swift */,
			);
			name = errors;
			sourceTree = "<group>";
		};
		5784E05B2038F7960096B151 /* network */ = {
			isa = PBXGroup;
			children = (
				574AC2D62039143F006FFF97 /* Router */,
				574AC2CF20390DD7006FFF97 /* Service */,
				5784E0632038FEB50096B151 /* Operations */,
			);
			path = network;
			sourceTree = "<group>";
		};
		5784E0602038FDAC0096B151 /* additions */ = {
			isa = PBXGroup;
			children = (
				5784E0612038FDBC0096B151 /* Date+Additions.swift */,
				57881F49203BBB0800B7CFE4 /* DoubleAdditions.swift */,
				57AEF9172043512F001E77C8 /* UIViewController+Additions.swift */,
			);
			name = additions;
			sourceTree = "<group>";
		};
		5784E0632038FEB50096B151 /* Operations */ = {
			isa = PBXGroup;
			children = (
				5784E0642038FF170096B151 /* UpdateCurrencyPropertiesOperation.swift */,
				5784E066203906570096B151 /* CustomOperation.swift */,
			);
			path = Operations;
			sourceTree = "<group>";
		};
		57881F41203B9E4100B7CFE4 /* JSON */ = {
			isa = PBXGroup;
			children = (
				57881F45203BA1F400B7CFE4 /* JSONQuotation.swift */,
			);
			name = JSON;
			sourceTree = "<group>";
		};
		57AEF9112043427E001E77C8 /* JSONParser */ = {
			isa = PBXGroup;
			children = (
				57AEF91220434294001E77C8 /* JSONQuotationTest.swift */,
			);
			path = JSONParser;
			sourceTree = "<group>";
		};
		57AEF91420434BB2001E77C8 /* Quotations */ = {
			isa = PBXGroup;
			children = (
				57AEF91520434BC9001E77C8 /* QuotationsViewModel.swift */,
				5725C91C2043822E001099E0 /* SupportedCurrencies.swift */,
			);
			path = Quotations;
			sourceTree = "<group>";
		};
		57AEF91920435888001E77C8 /* quotations */ = {
			isa = PBXGroup;
			children = (
				5725C919204377C7001099E0 /* spies */,
				57AEF91A2043589E001E77C8 /* QuotationsViewModelTest.swift */,
			);
			name = quotations;
			sourceTree = "<group>";
		};
		57AEF91C20435CE2001E77C8 /* Additions */ = {
			isa = PBXGroup;
			children = (
				57AEF91D20435CFD001E77C8 /* DateAdditionsTest.swift */,
			);
			path = Additions;
			sourceTree = "<group>";
		};
		7F8E0B406E5815A88FA47C88 /* Frameworks */ = {
			isa = PBXGroup;
			children = (
				8E97E907831AD4A73621D554 /* Pods_virtualwallet.framework */,
				1BEA10AB6DD3C043122ACA91 /* Pods_virtualwalletTests.framework */,
			);
			name = Frameworks;
			sourceTree = "<group>";
		};
		9684AEC8C84168EF5111430D /* Pods */ = {
			isa = PBXGroup;
			children = (
				8661E187FFB4532C6EBF522B /* Pods-virtualwallet.debug.xcconfig */,
				2EF34C4A8A5AE5EF548A87E0 /* Pods-virtualwallet.release.xcconfig */,
				D9F7B6A320343AA12E77F807 /* Pods-virtualwalletTests.debug.xcconfig */,
				DAFA3501CA3DED79F6261CCB /* Pods-virtualwalletTests.release.xcconfig */,
			);
			name = Pods;
			sourceTree = "<group>";
		};
/* End PBXGroup section */

/* Begin PBXNativeTarget section */
		57764F212036316A00FFCE08 /* virtualwallet */ = {
			isa = PBXNativeTarget;
			buildConfigurationList = 57764F412036316A00FFCE08 /* Build configuration list for PBXNativeTarget "virtualwallet" */;
			buildPhases = (
				A577BC2DDC3DD8FB652482AF /* [CP] Check Pods Manifest.lock */,
				57764F472036367600FFCE08 /* RSwiftPhase */,
				57764F1E2036316A00FFCE08 /* Sources */,
				57764F4A2036390500FFCE08 /* SwiftLint */,
				57764F1F2036316A00FFCE08 /* Frameworks */,
				57764F202036316A00FFCE08 /* Resources */,
				3681C8B9F0E7035E10AA3DF0 /* [CP] Embed Pods Frameworks */,
				5FA3C1EB5CE4B9A7902B6EB9 /* [CP] Copy Pods Resources */,
			);
			buildRules = (
			);
			dependencies = (
			);
			name = virtualwallet;
			productName = virtualwallet;
			productReference = 57764F222036316A00FFCE08 /* virtualwallet.app */;
			productType = "com.apple.product-type.application";
		};
		57764F372036316A00FFCE08 /* virtualwalletTests */ = {
			isa = PBXNativeTarget;
			buildConfigurationList = 57764F442036316A00FFCE08 /* Build configuration list for PBXNativeTarget "virtualwalletTests" */;
			buildPhases = (
				B554A7132916B2C52D0DD5E7 /* [CP] Check Pods Manifest.lock */,
				57764F342036316A00FFCE08 /* Sources */,
				57764F352036316A00FFCE08 /* Frameworks */,
				57764F362036316A00FFCE08 /* Resources */,
				036D015455DCF68266F0558C /* [CP] Embed Pods Frameworks */,
				1CB9405DEC3733B248252C95 /* [CP] Copy Pods Resources */,
			);
			buildRules = (
			);
			dependencies = (
				57764F3A2036316A00FFCE08 /* PBXTargetDependency */,
			);
			name = virtualwalletTests;
			productName = virtualwalletTests;
			productReference = 57764F382036316A00FFCE08 /* virtualwalletTests.xctest */;
			productType = "com.apple.product-type.bundle.unit-test";
		};
/* End PBXNativeTarget section */

/* Begin PBXProject section */
		57764F1A2036316A00FFCE08 /* Project object */ = {
			isa = PBXProject;
			attributes = {
				LastSwiftUpdateCheck = 0920;
				LastUpgradeCheck = 0920;
				ORGANIZATIONNAME = victor;
				TargetAttributes = {
					57764F212036316A00FFCE08 = {
						CreatedOnToolsVersion = 9.2;
						ProvisioningStyle = Automatic;
					};
					57764F372036316A00FFCE08 = {
						CreatedOnToolsVersion = 9.2;
						ProvisioningStyle = Automatic;
						TestTargetID = 57764F212036316A00FFCE08;
					};
				};
			};
			buildConfigurationList = 57764F1D2036316A00FFCE08 /* Build configuration list for PBXProject "virtualwallet" */;
			compatibilityVersion = "Xcode 8.0";
			developmentRegion = en;
			hasScannedForEncodings = 0;
			knownRegions = (
				en,
				Base,
			);
			mainGroup = 57764F192036316A00FFCE08;
			productRefGroup = 57764F232036316A00FFCE08 /* Products */;
			projectDirPath = "";
			projectRoot = "";
			targets = (
				57764F212036316A00FFCE08 /* virtualwallet */,
				57764F372036316A00FFCE08 /* virtualwalletTests */,
			);
		};
/* End PBXProject section */

/* Begin PBXResourcesBuildPhase section */
		57764F202036316A00FFCE08 /* Resources */ = {
			isa = PBXResourcesBuildPhase;
			buildActionMask = 2147483647;
			files = (
				57764F322036316A00FFCE08 /* LaunchScreen.storyboard in Resources */,
				574AC2DA2039F82E006FFF97 /* Default-568h@2x.png in Resources */,
				57764F2F2036316A00FFCE08 /* Assets.xcassets in Resources */,
				57764F2D2036316A00FFCE08 /* Main.storyboard in Resources */,
			);
			runOnlyForDeploymentPostprocessing = 0;
		};
		57764F362036316A00FFCE08 /* Resources */ = {
			isa = PBXResourcesBuildPhase;
			buildActionMask = 2147483647;
			files = (
			);
			runOnlyForDeploymentPostprocessing = 0;
		};
/* End PBXResourcesBuildPhase section */

/* Begin PBXShellScriptBuildPhase section */
		036D015455DCF68266F0558C /* [CP] Embed Pods Frameworks */ = {
			isa = PBXShellScriptBuildPhase;
			buildActionMask = 2147483647;
			files = (
			);
			inputPaths = (
				"${SRCROOT}/Pods/Target Support Files/Pods-virtualwalletTests/Pods-virtualwalletTests-frameworks.sh",
				"${BUILT_PRODUCTS_DIR}/OHHTTPStubs/OHHTTPStubs.framework",
			);
			name = "[CP] Embed Pods Frameworks";
			outputPaths = (
				"${TARGET_BUILD_DIR}/${FRAMEWORKS_FOLDER_PATH}/OHHTTPStubs.framework",
			);
			runOnlyForDeploymentPostprocessing = 0;
			shellPath = /bin/sh;
			shellScript = "\"${SRCROOT}/Pods/Target Support Files/Pods-virtualwalletTests/Pods-virtualwalletTests-frameworks.sh\"\n";
			showEnvVarsInLog = 0;
		};
		1CB9405DEC3733B248252C95 /* [CP] Copy Pods Resources */ = {
			isa = PBXShellScriptBuildPhase;
			buildActionMask = 2147483647;
			files = (
			);
			inputPaths = (
			);
			name = "[CP] Copy Pods Resources";
			outputPaths = (
			);
			runOnlyForDeploymentPostprocessing = 0;
			shellPath = /bin/sh;
			shellScript = "\"${SRCROOT}/Pods/Target Support Files/Pods-virtualwalletTests/Pods-virtualwalletTests-resources.sh\"\n";
			showEnvVarsInLog = 0;
		};
		3681C8B9F0E7035E10AA3DF0 /* [CP] Embed Pods Frameworks */ = {
			isa = PBXShellScriptBuildPhase;
			buildActionMask = 2147483647;
			files = (
			);
			inputPaths = (
				"${SRCROOT}/Pods/Target Support Files/Pods-virtualwallet/Pods-virtualwallet-frameworks.sh",
				"${BUILT_PRODUCTS_DIR}/Alamofire/Alamofire.framework",
				"${BUILT_PRODUCTS_DIR}/R.swift.Library/Rswift.framework",
			);
			name = "[CP] Embed Pods Frameworks";
			outputPaths = (
				"${TARGET_BUILD_DIR}/${FRAMEWORKS_FOLDER_PATH}/Alamofire.framework",
				"${TARGET_BUILD_DIR}/${FRAMEWORKS_FOLDER_PATH}/Rswift.framework",
			);
			runOnlyForDeploymentPostprocessing = 0;
			shellPath = /bin/sh;
			shellScript = "\"${SRCROOT}/Pods/Target Support Files/Pods-virtualwallet/Pods-virtualwallet-frameworks.sh\"\n";
			showEnvVarsInLog = 0;
		};
		57764F472036367600FFCE08 /* RSwiftPhase */ = {
			isa = PBXShellScriptBuildPhase;
			buildActionMask = 2147483647;
			files = (
			);
			inputPaths = (
			);
			name = RSwiftPhase;
			outputPaths = (
			);
			runOnlyForDeploymentPostprocessing = 0;
			shellPath = /bin/sh;
			shellScript = "\"$PODS_ROOT/R.swift/rswift\" generate \"$SRCROOT\"";
		};
		57764F4A2036390500FFCE08 /* SwiftLint */ = {
			isa = PBXShellScriptBuildPhase;
			buildActionMask = 2147483647;
			files = (
			);
			inputPaths = (
			);
			name = SwiftLint;
			outputPaths = (
			);
			runOnlyForDeploymentPostprocessing = 0;
			shellPath = /bin/sh;
			shellScript = "\"${PODS_ROOT}/SwiftLint/swiftlint\"";
		};
		5FA3C1EB5CE4B9A7902B6EB9 /* [CP] Copy Pods Resources */ = {
			isa = PBXShellScriptBuildPhase;
			buildActionMask = 2147483647;
			files = (
			);
			inputPaths = (
			);
			name = "[CP] Copy Pods Resources";
			outputPaths = (
			);
			runOnlyForDeploymentPostprocessing = 0;
			shellPath = /bin/sh;
			shellScript = "\"${SRCROOT}/Pods/Target Support Files/Pods-virtualwallet/Pods-virtualwallet-resources.sh\"\n";
			showEnvVarsInLog = 0;
		};
		A577BC2DDC3DD8FB652482AF /* [CP] Check Pods Manifest.lock */ = {
			isa = PBXShellScriptBuildPhase;
			buildActionMask = 2147483647;
			files = (
			);
			inputPaths = (
				"${PODS_PODFILE_DIR_PATH}/Podfile.lock",
				"${PODS_ROOT}/Manifest.lock",
			);
			name = "[CP] Check Pods Manifest.lock";
			outputPaths = (
				"$(DERIVED_FILE_DIR)/Pods-virtualwallet-checkManifestLockResult.txt",
			);
			runOnlyForDeploymentPostprocessing = 0;
			shellPath = /bin/sh;
			shellScript = "diff \"${PODS_PODFILE_DIR_PATH}/Podfile.lock\" \"${PODS_ROOT}/Manifest.lock\" > /dev/null\nif [ $? != 0 ] ; then\n    # print error to STDERR\n    echo \"error: The sandbox is not in sync with the Podfile.lock. Run 'pod install' or update your CocoaPods installation.\" >&2\n    exit 1\nfi\n# This output is used by Xcode 'outputs' to avoid re-running this script phase.\necho \"SUCCESS\" > \"${SCRIPT_OUTPUT_FILE_0}\"\n";
			showEnvVarsInLog = 0;
		};
		B554A7132916B2C52D0DD5E7 /* [CP] Check Pods Manifest.lock */ = {
			isa = PBXShellScriptBuildPhase;
			buildActionMask = 2147483647;
			files = (
			);
			inputPaths = (
				"${PODS_PODFILE_DIR_PATH}/Podfile.lock",
				"${PODS_ROOT}/Manifest.lock",
			);
			name = "[CP] Check Pods Manifest.lock";
			outputPaths = (
				"$(DERIVED_FILE_DIR)/Pods-virtualwalletTests-checkManifestLockResult.txt",
			);
			runOnlyForDeploymentPostprocessing = 0;
			shellPath = /bin/sh;
			shellScript = "diff \"${PODS_PODFILE_DIR_PATH}/Podfile.lock\" \"${PODS_ROOT}/Manifest.lock\" > /dev/null\nif [ $? != 0 ] ; then\n    # print error to STDERR\n    echo \"error: The sandbox is not in sync with the Podfile.lock. Run 'pod install' or update your CocoaPods installation.\" >&2\n    exit 1\nfi\n# This output is used by Xcode 'outputs' to avoid re-running this script phase.\necho \"SUCCESS\" > \"${SCRIPT_OUTPUT_FILE_0}\"\n";
			showEnvVarsInLog = 0;
		};
/* End PBXShellScriptBuildPhase section */

/* Begin PBXSourcesBuildPhase section */
		57764F1E2036316A00FFCE08 /* Sources */ = {
			isa = PBXSourcesBuildPhase;
			buildActionMask = 2147483647;
			files = (
				574AC2D8203914A8006FFF97 /* URLDescriptor.swift in Sources */,
				5784E0652038FF170096B151 /* UpdateCurrencyPropertiesOperation.swift in Sources */,
				57881F4A203BBB0800B7CFE4 /* DoubleAdditions.swift in Sources */,
				574AC2D52039130A006FFF97 /* NetworkError.swift in Sources */,
				5784E05F2038FACD0096B151 /* CentralBankRouter.swift in Sources */,
				57764F592038C5E400FFCE08 /* CurrencyProperties.swift in Sources */,
				574AC2E32039FD60006FFF97 /* Service.swift in Sources */,
				57764F5C2038D35C00FFCE08 /* TransactionError.swift in Sources */,
				5784E0622038FDBC0096B151 /* Date+Additions.swift in Sources */,
				5784E0592038D3AA0096B151 /* AppError.swift in Sources */,
				57764F562038C3B400FFCE08 /* Wallet.swift in Sources */,
				57881F48203BABEA00B7CFE4 /* JSONError.swift in Sources */,
				57764F532038C35D00FFCE08 /* CurrencyTransaction.swift in Sources */,
				5725C91D2043822E001099E0 /* SupportedCurrencies.swift in Sources */,
				57764F2A2036316A00FFCE08 /* SecondViewController.swift in Sources */,
				57AEF9182043512F001E77C8 /* UIViewController+Additions.swift in Sources */,
				57764F262036316A00FFCE08 /* AppDelegate.swift in Sources */,
				57881F46203BA1F400B7CFE4 /* JSONQuotation.swift in Sources */,
				574AC2D3203911BA006FFF97 /* RESTService.swift in Sources */,
				57AEF91620434BC9001E77C8 /* QuotationsViewModel.swift in Sources */,
				5784E05D2038FA6C0096B151 /* BaseRouter.swift in Sources */,
				57764F282036316A00FFCE08 /* FirstViewController.swift in Sources */,
				5784E067203906570096B151 /* CustomOperation.swift in Sources */,
				57764F49203636F000FFCE08 /* R.generated.swift in Sources */,
			);
			runOnlyForDeploymentPostprocessing = 0;
		};
		57764F342036316A00FFCE08 /* Sources */ = {
			isa = PBXSourcesBuildPhase;
			buildActionMask = 2147483647;
			files = (
				57764F50203649D300FFCE08 /* CurrencyTransactionTest.swift in Sources */,
				57AEF91E20435CFD001E77C8 /* DateAdditionsTest.swift in Sources */,
				5725C91B204377E0001099E0 /* QuotationsDelegateSpy.swift in Sources */,
				57AEF91320434294001E77C8 /* JSONQuotationTest.swift in Sources */,
				574AC2DF2039F9BC006FFF97 /* UpdateCurrencyTest.swift in Sources */,
				57AEF91B2043589E001E77C8 /* QuotationsViewModelTest.swift in Sources */,
			);
			runOnlyForDeploymentPostprocessing = 0;
		};
/* End PBXSourcesBuildPhase section */

/* Begin PBXTargetDependency section */
		57764F3A2036316A00FFCE08 /* PBXTargetDependency */ = {
			isa = PBXTargetDependency;
			target = 57764F212036316A00FFCE08 /* virtualwallet */;
			targetProxy = 57764F392036316A00FFCE08 /* PBXContainerItemProxy */;
		};
/* End PBXTargetDependency section */

/* Begin PBXVariantGroup section */
		57764F2B2036316A00FFCE08 /* Main.storyboard */ = {
			isa = PBXVariantGroup;
			children = (
				57764F2C2036316A00FFCE08 /* Base */,
			);
			name = Main.storyboard;
			sourceTree = "<group>";
		};
		57764F302036316A00FFCE08 /* LaunchScreen.storyboard */ = {
			isa = PBXVariantGroup;
			children = (
				57764F312036316A00FFCE08 /* Base */,
			);
			name = LaunchScreen.storyboard;
			sourceTree = "<group>";
		};
/* End PBXVariantGroup section */

/* Begin XCBuildConfiguration section */
		57764F3F2036316A00FFCE08 /* Debug */ = {
			isa = XCBuildConfiguration;
			buildSettings = {
				ALWAYS_SEARCH_USER_PATHS = NO;
				CLANG_ANALYZER_NONNULL = YES;
				CLANG_ANALYZER_NUMBER_OBJECT_CONVERSION = YES_AGGRESSIVE;
				CLANG_CXX_LANGUAGE_STANDARD = "gnu++14";
				CLANG_CXX_LIBRARY = "libc++";
				CLANG_ENABLE_MODULES = YES;
				CLANG_ENABLE_OBJC_ARC = YES;
				CLANG_WARN_BLOCK_CAPTURE_AUTORELEASING = YES;
				CLANG_WARN_BOOL_CONVERSION = YES;
				CLANG_WARN_COMMA = YES;
				CLANG_WARN_CONSTANT_CONVERSION = YES;
				CLANG_WARN_DIRECT_OBJC_ISA_USAGE = YES_ERROR;
				CLANG_WARN_DOCUMENTATION_COMMENTS = YES;
				CLANG_WARN_EMPTY_BODY = YES;
				CLANG_WARN_ENUM_CONVERSION = YES;
				CLANG_WARN_INFINITE_RECURSION = YES;
				CLANG_WARN_INT_CONVERSION = YES;
				CLANG_WARN_NON_LITERAL_NULL_CONVERSION = YES;
				CLANG_WARN_OBJC_LITERAL_CONVERSION = YES;
				CLANG_WARN_OBJC_ROOT_CLASS = YES_ERROR;
				CLANG_WARN_RANGE_LOOP_ANALYSIS = YES;
				CLANG_WARN_STRICT_PROTOTYPES = YES;
				CLANG_WARN_SUSPICIOUS_MOVE = YES;
				CLANG_WARN_UNGUARDED_AVAILABILITY = YES_AGGRESSIVE;
				CLANG_WARN_UNREACHABLE_CODE = YES;
				CLANG_WARN__DUPLICATE_METHOD_MATCH = YES;
				CODE_SIGN_IDENTITY = "iPhone Developer";
				COPY_PHASE_STRIP = NO;
				DEBUG_INFORMATION_FORMAT = dwarf;
				ENABLE_STRICT_OBJC_MSGSEND = YES;
				ENABLE_TESTABILITY = YES;
				GCC_C_LANGUAGE_STANDARD = gnu11;
				GCC_DYNAMIC_NO_PIC = NO;
				GCC_NO_COMMON_BLOCKS = YES;
				GCC_OPTIMIZATION_LEVEL = 0;
				GCC_PREPROCESSOR_DEFINITIONS = (
					"DEBUG=1",
					"$(inherited)",
				);
				GCC_WARN_64_TO_32_BIT_CONVERSION = YES;
				GCC_WARN_ABOUT_RETURN_TYPE = YES_ERROR;
				GCC_WARN_UNDECLARED_SELECTOR = YES;
				GCC_WARN_UNINITIALIZED_AUTOS = YES_AGGRESSIVE;
				GCC_WARN_UNUSED_FUNCTION = YES;
				GCC_WARN_UNUSED_VARIABLE = YES;
				IPHONEOS_DEPLOYMENT_TARGET = 11.2;
				MTL_ENABLE_DEBUG_INFO = YES;
				ONLY_ACTIVE_ARCH = YES;
				SDKROOT = iphoneos;
				SWIFT_ACTIVE_COMPILATION_CONDITIONS = DEBUG;
				SWIFT_OPTIMIZATION_LEVEL = "-Onone";
			};
			name = Debug;
		};
		57764F402036316A00FFCE08 /* Release */ = {
			isa = XCBuildConfiguration;
			buildSettings = {
				ALWAYS_SEARCH_USER_PATHS = NO;
				CLANG_ANALYZER_NONNULL = YES;
				CLANG_ANALYZER_NUMBER_OBJECT_CONVERSION = YES_AGGRESSIVE;
				CLANG_CXX_LANGUAGE_STANDARD = "gnu++14";
				CLANG_CXX_LIBRARY = "libc++";
				CLANG_ENABLE_MODULES = YES;
				CLANG_ENABLE_OBJC_ARC = YES;
				CLANG_WARN_BLOCK_CAPTURE_AUTORELEASING = YES;
				CLANG_WARN_BOOL_CONVERSION = YES;
				CLANG_WARN_COMMA = YES;
				CLANG_WARN_CONSTANT_CONVERSION = YES;
				CLANG_WARN_DIRECT_OBJC_ISA_USAGE = YES_ERROR;
				CLANG_WARN_DOCUMENTATION_COMMENTS = YES;
				CLANG_WARN_EMPTY_BODY = YES;
				CLANG_WARN_ENUM_CONVERSION = YES;
				CLANG_WARN_INFINITE_RECURSION = YES;
				CLANG_WARN_INT_CONVERSION = YES;
				CLANG_WARN_NON_LITERAL_NULL_CONVERSION = YES;
				CLANG_WARN_OBJC_LITERAL_CONVERSION = YES;
				CLANG_WARN_OBJC_ROOT_CLASS = YES_ERROR;
				CLANG_WARN_RANGE_LOOP_ANALYSIS = YES;
				CLANG_WARN_STRICT_PROTOTYPES = YES;
				CLANG_WARN_SUSPICIOUS_MOVE = YES;
				CLANG_WARN_UNGUARDED_AVAILABILITY = YES_AGGRESSIVE;
				CLANG_WARN_UNREACHABLE_CODE = YES;
				CLANG_WARN__DUPLICATE_METHOD_MATCH = YES;
				CODE_SIGN_IDENTITY = "iPhone Developer";
				COPY_PHASE_STRIP = NO;
				DEBUG_INFORMATION_FORMAT = "dwarf-with-dsym";
				ENABLE_NS_ASSERTIONS = NO;
				ENABLE_STRICT_OBJC_MSGSEND = YES;
				GCC_C_LANGUAGE_STANDARD = gnu11;
				GCC_NO_COMMON_BLOCKS = YES;
				GCC_WARN_64_TO_32_BIT_CONVERSION = YES;
				GCC_WARN_ABOUT_RETURN_TYPE = YES_ERROR;
				GCC_WARN_UNDECLARED_SELECTOR = YES;
				GCC_WARN_UNINITIALIZED_AUTOS = YES_AGGRESSIVE;
				GCC_WARN_UNUSED_FUNCTION = YES;
				GCC_WARN_UNUSED_VARIABLE = YES;
				IPHONEOS_DEPLOYMENT_TARGET = 11.2;
				MTL_ENABLE_DEBUG_INFO = NO;
				SDKROOT = iphoneos;
				SWIFT_OPTIMIZATION_LEVEL = "-Owholemodule";
				VALIDATE_PRODUCT = YES;
			};
			name = Release;
		};
		57764F422036316A00FFCE08 /* Debug */ = {
			isa = XCBuildConfiguration;
			baseConfigurationReference = 8661E187FFB4532C6EBF522B /* Pods-virtualwallet.debug.xcconfig */;
			buildSettings = {
				ASSETCATALOG_COMPILER_APPICON_NAME = AppIcon;
				CODE_SIGN_STYLE = Automatic;
				DEVELOPMENT_TEAM = SCPMD6CE95;
				INFOPLIST_FILE = virtualwallet/Info.plist;
				LD_RUNPATH_SEARCH_PATHS = "$(inherited) @executable_path/Frameworks";
				PRODUCT_BUNDLE_IDENTIFIER = com.victor.virtualwallet;
				PRODUCT_NAME = "$(TARGET_NAME)";
				SWIFT_VERSION = 4.0;
				TARGETED_DEVICE_FAMILY = "1,2";
			};
			name = Debug;
		};
		57764F432036316A00FFCE08 /* Release */ = {
			isa = XCBuildConfiguration;
			baseConfigurationReference = 2EF34C4A8A5AE5EF548A87E0 /* Pods-virtualwallet.release.xcconfig */;
			buildSettings = {
				ASSETCATALOG_COMPILER_APPICON_NAME = AppIcon;
				CODE_SIGN_STYLE = Automatic;
				DEVELOPMENT_TEAM = SCPMD6CE95;
				INFOPLIST_FILE = virtualwallet/Info.plist;
				LD_RUNPATH_SEARCH_PATHS = "$(inherited) @executable_path/Frameworks";
				PRODUCT_BUNDLE_IDENTIFIER = com.victor.virtualwallet;
				PRODUCT_NAME = "$(TARGET_NAME)";
				SWIFT_VERSION = 4.0;
				TARGETED_DEVICE_FAMILY = "1,2";
			};
			name = Release;
		};
		57764F452036316A00FFCE08 /* Debug */ = {
			isa = XCBuildConfiguration;
			baseConfigurationReference = D9F7B6A320343AA12E77F807 /* Pods-virtualwalletTests.debug.xcconfig */;
			buildSettings = {
				ALWAYS_EMBED_SWIFT_STANDARD_LIBRARIES = YES;
				BUNDLE_LOADER = "$(TEST_HOST)";
				CODE_SIGN_STYLE = Automatic;
				INFOPLIST_FILE = virtualwalletTests/Info.plist;
				LD_RUNPATH_SEARCH_PATHS = "$(inherited) @executable_path/Frameworks @loader_path/Frameworks";
				PRODUCT_BUNDLE_IDENTIFIER = com.victor.virtualwalletTests;
				PRODUCT_NAME = "$(TARGET_NAME)";
				SWIFT_VERSION = 4.0;
				TARGETED_DEVICE_FAMILY = "1,2";
				TEST_HOST = "$(BUILT_PRODUCTS_DIR)/virtualwallet.app/virtualwallet";
			};
			name = Debug;
		};
		57764F462036316A00FFCE08 /* Release */ = {
			isa = XCBuildConfiguration;
			baseConfigurationReference = DAFA3501CA3DED79F6261CCB /* Pods-virtualwalletTests.release.xcconfig */;
			buildSettings = {
				ALWAYS_EMBED_SWIFT_STANDARD_LIBRARIES = YES;
				BUNDLE_LOADER = "$(TEST_HOST)";
				CODE_SIGN_STYLE = Automatic;
				INFOPLIST_FILE = virtualwalletTests/Info.plist;
				LD_RUNPATH_SEARCH_PATHS = "$(inherited) @executable_path/Frameworks @loader_path/Frameworks";
				PRODUCT_BUNDLE_IDENTIFIER = com.victor.virtualwalletTests;
				PRODUCT_NAME = "$(TARGET_NAME)";
				SWIFT_VERSION = 4.0;
				TARGETED_DEVICE_FAMILY = "1,2";
				TEST_HOST = "$(BUILT_PRODUCTS_DIR)/virtualwallet.app/virtualwallet";
			};
			name = Release;
		};
/* End XCBuildConfiguration section */

/* Begin XCConfigurationList section */
		57764F1D2036316A00FFCE08 /* Build configuration list for PBXProject "virtualwallet" */ = {
			isa = XCConfigurationList;
			buildConfigurations = (
				57764F3F2036316A00FFCE08 /* Debug */,
				57764F402036316A00FFCE08 /* Release */,
			);
			defaultConfigurationIsVisible = 0;
			defaultConfigurationName = Release;
		};
		57764F412036316A00FFCE08 /* Build configuration list for PBXNativeTarget "virtualwallet" */ = {
			isa = XCConfigurationList;
			buildConfigurations = (
				57764F422036316A00FFCE08 /* Debug */,
				57764F432036316A00FFCE08 /* Release */,
			);
			defaultConfigurationIsVisible = 0;
			defaultConfigurationName = Release;
		};
		57764F442036316A00FFCE08 /* Build configuration list for PBXNativeTarget "virtualwalletTests" */ = {
			isa = XCConfigurationList;
			buildConfigurations = (
				57764F452036316A00FFCE08 /* Debug */,
				57764F462036316A00FFCE08 /* Release */,
			);
			defaultConfigurationIsVisible = 0;
			defaultConfigurationName = Release;
		};
/* End XCConfigurationList section */
	};
	rootObject = 57764F1A2036316A00FFCE08 /* Project object */;
}
