// !$*UTF8*$!
{
	archiveVersion = 1;
	classes = {
	};
	objectVersion = 48;
	objects = {

/* Begin PBXBuildFile section */
		1200753880DAA6E5B07DF5BC /* Pods_virtualwallet.framework in Frameworks */ = {isa = PBXBuildFile; fileRef = 8E97E907831AD4A73621D554 /* Pods_virtualwallet.framework */; };
		5720311920900AB500425EDD /* WalletError.swift in Sources */ = {isa = PBXBuildFile; fileRef = 5720311820900AB500425EDD /* WalletError.swift */; };
		5720311E2090199300425EDD /* TransactionViewController.swift in Sources */ = {isa = PBXBuildFile; fileRef = 5720311C2090199300425EDD /* TransactionViewController.swift */; };
		5720311F2090199300425EDD /* TransactionViewController.xib in Resources */ = {isa = PBXBuildFile; fileRef = 5720311D2090199300425EDD /* TransactionViewController.xib */; };
		5725C91B204377E0001099E0 /* QuotationsDelegateSpy.swift in Sources */ = {isa = PBXBuildFile; fileRef = 5725C91A204377E0001099E0 /* QuotationsDelegateSpy.swift */; };
		5725C91D2043822E001099E0 /* SupportedCurrencies.swift in Sources */ = {isa = PBXBuildFile; fileRef = 5725C91C2043822E001099E0 /* SupportedCurrencies.swift */; };
		5725C91F204383B2001099E0 /* BitcoinMarketRouter.swift in Sources */ = {isa = PBXBuildFile; fileRef = 5725C91E204383B2001099E0 /* BitcoinMarketRouter.swift */; };
		5725C921204384D6001099E0 /* Router.swift in Sources */ = {isa = PBXBuildFile; fileRef = 5725C920204384D6001099E0 /* Router.swift */; };
		5725C92320438884001099E0 /* UpdateDigitalCurrencyOperationTest.swift in Sources */ = {isa = PBXBuildFile; fileRef = 5725C92220438884001099E0 /* UpdateDigitalCurrencyOperationTest.swift */; };
		5725C92520438942001099E0 /* FetchDigitalCurrencyOperation.swift in Sources */ = {isa = PBXBuildFile; fileRef = 5725C92420438942001099E0 /* FetchDigitalCurrencyOperation.swift */; };
		5725C92720438B3F001099E0 /* JSONTicker.swift in Sources */ = {isa = PBXBuildFile; fileRef = 5725C92620438B3F001099E0 /* JSONTicker.swift */; };
		5725C92920438F60001099E0 /* DateDecodable.swift in Sources */ = {isa = PBXBuildFile; fileRef = 5725C92820438F60001099E0 /* DateDecodable.swift */; };
		5725C92D20439104001099E0 /* JSONTickerTest.swift in Sources */ = {isa = PBXBuildFile; fileRef = 5725C92C20439104001099E0 /* JSONTickerTest.swift */; };
		57260A04212E41C300A44D77 /* Completion.swift in Sources */ = {isa = PBXBuildFile; fileRef = 57260A03212E41C300A44D77 /* Completion.swift */; };
		57260A06212E49A700A44D77 /* ObservableOperation.swift in Sources */ = {isa = PBXBuildFile; fileRef = 57260A05212E49A700A44D77 /* ObservableOperation.swift */; };
		573140A0209FD4FE000C1574 /* MainViewModel.swift in Sources */ = {isa = PBXBuildFile; fileRef = 5731409F209FD4FE000C1574 /* MainViewModel.swift */; };
		573140A3209FD9E9000C1574 /* DisplayableMoney.swift in Sources */ = {isa = PBXBuildFile; fileRef = 573140A2209FD9E9000C1574 /* DisplayableMoney.swift */; };
		5738E50820B4E8A9004FDA88 /* TransactionViewModel.swift in Sources */ = {isa = PBXBuildFile; fileRef = 5738E50720B4E8A9004FDA88 /* TransactionViewModel.swift */; };
		5738E50B20B4FB48004FDA88 /* UITextField+Additions.swift in Sources */ = {isa = PBXBuildFile; fileRef = 5738E50920B4F9B4004FDA88 /* UITextField+Additions.swift */; };
		5738E50E20B4FBB9004FDA88 /* CurrencyFieldDelegate.swift in Sources */ = {isa = PBXBuildFile; fileRef = 5738E50D20B4FBB9004FDA88 /* CurrencyFieldDelegate.swift */; };
		574AC2D3203911BA006FFF97 /* RESTService.swift in Sources */ = {isa = PBXBuildFile; fileRef = 574AC2D2203911B9006FFF97 /* RESTService.swift */; };
		574AC2D52039130A006FFF97 /* NetworkError.swift in Sources */ = {isa = PBXBuildFile; fileRef = 574AC2D42039130A006FFF97 /* NetworkError.swift */; };
		574AC2DA2039F82E006FFF97 /* Default-568h@2x.png in Resources */ = {isa = PBXBuildFile; fileRef = 574AC2D92039F82E006FFF97 /* Default-568h@2x.png */; };
		574AC2DF2039F9BC006FFF97 /* UpdateCentralBankCurrencyTest.swift in Sources */ = {isa = PBXBuildFile; fileRef = 574AC2DE2039F9BC006FFF97 /* UpdateCentralBankCurrencyTest.swift */; };
		574AC2E32039FD60006FFF97 /* Service.swift in Sources */ = {isa = PBXBuildFile; fileRef = 574AC2E22039FD60006FFF97 /* Service.swift */; };
		57764F262036316A00FFCE08 /* AppDelegate.swift in Sources */ = {isa = PBXBuildFile; fileRef = 57764F252036316A00FFCE08 /* AppDelegate.swift */; };
		57764F282036316A00FFCE08 /* QuotationsViewController.swift in Sources */ = {isa = PBXBuildFile; fileRef = 57764F272036316A00FFCE08 /* QuotationsViewController.swift */; };
		57764F2D2036316A00FFCE08 /* Main.storyboard in Resources */ = {isa = PBXBuildFile; fileRef = 57764F2B2036316A00FFCE08 /* Main.storyboard */; };
		57764F2F2036316A00FFCE08 /* Assets.xcassets in Resources */ = {isa = PBXBuildFile; fileRef = 57764F2E2036316A00FFCE08 /* Assets.xcassets */; };
		57764F322036316A00FFCE08 /* LaunchScreen.storyboard in Resources */ = {isa = PBXBuildFile; fileRef = 57764F302036316A00FFCE08 /* LaunchScreen.storyboard */; };
		57764F49203636F000FFCE08 /* R.generated.swift in Sources */ = {isa = PBXBuildFile; fileRef = 57764F48203636F000FFCE08 /* R.generated.swift */; };
		57764F50203649D300FFCE08 /* CurrencyTransactionTest.swift in Sources */ = {isa = PBXBuildFile; fileRef = 57764F4F203649D300FFCE08 /* CurrencyTransactionTest.swift */; };
		57764F532038C35D00FFCE08 /* CurrencyTransaction.swift in Sources */ = {isa = PBXBuildFile; fileRef = 57764F522038C35D00FFCE08 /* CurrencyTransaction.swift */; };
		57764F562038C3B400FFCE08 /* Wallet.swift in Sources */ = {isa = PBXBuildFile; fileRef = 57764F552038C3B400FFCE08 /* Wallet.swift */; };
		57764F592038C5E400FFCE08 /* CurrencyProperties.swift in Sources */ = {isa = PBXBuildFile; fileRef = 57764F582038C5E400FFCE08 /* CurrencyProperties.swift */; };
		57764F5C2038D35C00FFCE08 /* TransactionError.swift in Sources */ = {isa = PBXBuildFile; fileRef = 57764F5B2038D35C00FFCE08 /* TransactionError.swift */; };
		5784E0592038D3AA0096B151 /* AppError.swift in Sources */ = {isa = PBXBuildFile; fileRef = 5784E0582038D3AA0096B151 /* AppError.swift */; };
		5784E05D2038FA6C0096B151 /* BaseRouter.swift in Sources */ = {isa = PBXBuildFile; fileRef = 5784E05C2038FA6C0096B151 /* BaseRouter.swift */; };
		5784E05F2038FACD0096B151 /* CentralBankRouter.swift in Sources */ = {isa = PBXBuildFile; fileRef = 5784E05E2038FACD0096B151 /* CentralBankRouter.swift */; };
		5784E0622038FDBC0096B151 /* Date+Additions.swift in Sources */ = {isa = PBXBuildFile; fileRef = 5784E0612038FDBC0096B151 /* Date+Additions.swift */; };
		5784E0652038FF170096B151 /* FetchCentralBankCurrency.swift in Sources */ = {isa = PBXBuildFile; fileRef = 5784E0642038FF170096B151 /* FetchCentralBankCurrency.swift */; };
		5784E067203906570096B151 /* CustomOperation.swift in Sources */ = {isa = PBXBuildFile; fileRef = 5784E066203906570096B151 /* CustomOperation.swift */; };
		57881F46203BA1F400B7CFE4 /* JSONQuotation.swift in Sources */ = {isa = PBXBuildFile; fileRef = 57881F45203BA1F400B7CFE4 /* JSONQuotation.swift */; };
		57881F48203BABEA00B7CFE4 /* JSONError.swift in Sources */ = {isa = PBXBuildFile; fileRef = 57881F47203BABEA00B7CFE4 /* JSONError.swift */; };
		57881F4A203BBB0800B7CFE4 /* DoubleAdditions.swift in Sources */ = {isa = PBXBuildFile; fileRef = 57881F49203BBB0800B7CFE4 /* DoubleAdditions.swift */; };
		57921E552138B78B0069E029 /* OperationError.swift in Sources */ = {isa = PBXBuildFile; fileRef = 57921E542138B78B0069E029 /* OperationError.swift */; };
		57921E572138BED20069E029 /* QuotationsService.swift in Sources */ = {isa = PBXBuildFile; fileRef = 57921E562138BED20069E029 /* QuotationsService.swift */; };
		57921E5F2138C8320069E029 /* InitialDataCreator.swift in Sources */ = {isa = PBXBuildFile; fileRef = 57921E5E2138C8320069E029 /* InitialDataCreator.swift */; };
		57ABBC9520D1F0C700834EDE /* TransactionController.swift in Sources */ = {isa = PBXBuildFile; fileRef = 57ABBC9420D1F0C700834EDE /* TransactionController.swift */; };
		57AEF91320434294001E77C8 /* JSONQuotationTest.swift in Sources */ = {isa = PBXBuildFile; fileRef = 57AEF91220434294001E77C8 /* JSONQuotationTest.swift */; };
		57AEF91620434BC9001E77C8 /* QuotationsViewModel.swift in Sources */ = {isa = PBXBuildFile; fileRef = 57AEF91520434BC9001E77C8 /* QuotationsViewModel.swift */; };
		57AEF9182043512F001E77C8 /* UIViewController+Additions.swift in Sources */ = {isa = PBXBuildFile; fileRef = 57AEF9172043512F001E77C8 /* UIViewController+Additions.swift */; };
		57AEF91B2043589E001E77C8 /* QuotationsViewModelTest.swift in Sources */ = {isa = PBXBuildFile; fileRef = 57AEF91A2043589E001E77C8 /* QuotationsViewModelTest.swift */; };
		57AEF91E20435CFD001E77C8 /* DateAdditionsTest.swift in Sources */ = {isa = PBXBuildFile; fileRef = 57AEF91D20435CFD001E77C8 /* DateAdditionsTest.swift */; };
		57B296B5208581C800751A0F /* WalletTableViewController.swift in Sources */ = {isa = PBXBuildFile; fileRef = 57B296B4208581C800751A0F /* WalletTableViewController.swift */; };
		57B296B72085825000751A0F /* WalletViewModel.swift in Sources */ = {isa = PBXBuildFile; fileRef = 57B296B62085825000751A0F /* WalletViewModel.swift */; };
		57B508A42112854600C29E70 /* TransactionEntity+CoreDataClass.swift in Sources */ = {isa = PBXBuildFile; fileRef = 57B5089C2112854600C29E70 /* TransactionEntity+CoreDataClass.swift */; };
		57B508A52112854600C29E70 /* TransactionEntity+CoreDataProperties.swift in Sources */ = {isa = PBXBuildFile; fileRef = 57B5089D2112854600C29E70 /* TransactionEntity+CoreDataProperties.swift */; };
		57B508A62112854600C29E70 /* QuotationEntity+CoreDataClass.swift in Sources */ = {isa = PBXBuildFile; fileRef = 57B5089E2112854600C29E70 /* QuotationEntity+CoreDataClass.swift */; };
		57B508A72112854600C29E70 /* QuotationEntity+CoreDataProperties.swift in Sources */ = {isa = PBXBuildFile; fileRef = 57B5089F2112854600C29E70 /* QuotationEntity+CoreDataProperties.swift */; };
		57B508A82112854600C29E70 /* CurrencyEntity+CoreDataClass.swift in Sources */ = {isa = PBXBuildFile; fileRef = 57B508A02112854600C29E70 /* CurrencyEntity+CoreDataClass.swift */; };
		57B508A92112854600C29E70 /* CurrencyEntity+CoreDataProperties.swift in Sources */ = {isa = PBXBuildFile; fileRef = 57B508A12112854600C29E70 /* CurrencyEntity+CoreDataProperties.swift */; };
		57B508AA2112854600C29E70 /* WalletEntity+CoreDataClass.swift in Sources */ = {isa = PBXBuildFile; fileRef = 57B508A22112854600C29E70 /* WalletEntity+CoreDataClass.swift */; };
		57B508AB2112854600C29E70 /* WalletEntity+CoreDataProperties.swift in Sources */ = {isa = PBXBuildFile; fileRef = 57B508A32112854600C29E70 /* WalletEntity+CoreDataProperties.swift */; };
		57B508BA21128AE000C29E70 /* WalletDataContainer.swift in Sources */ = {isa = PBXBuildFile; fileRef = 57B508B921128AE000C29E70 /* WalletDataContainer.swift */; };
		57B508BC2112951900C29E70 /* NSManagedObjectContext+Additions.swift in Sources */ = {isa = PBXBuildFile; fileRef = 57B508BB2112951900C29E70 /* NSManagedObjectContext+Additions.swift */; };
		57BD36A720EDB10A00AE2AFC /* wallet.xcdatamodeld in Sources */ = {isa = PBXBuildFile; fileRef = 57BD36A520EDB10900AE2AFC /* wallet.xcdatamodeld */; };
		57D74AD6211BC5A700C5AB8D /* DataContainer.swift in Sources */ = {isa = PBXBuildFile; fileRef = 57D74AD5211BC5A700C5AB8D /* DataContainer.swift */; };
		57DB92252106A9F500E66717 /* TransactionView.swift in Sources */ = {isa = PBXBuildFile; fileRef = 57DB92242106A9F500E66717 /* TransactionView.swift */; };
		D107A30098519810DB6923E9 /* Pods_virtualwalletTests.framework in Frameworks */ = {isa = PBXBuildFile; fileRef = 1BEA10AB6DD3C043122ACA91 /* Pods_virtualwalletTests.framework */; };
/* End PBXBuildFile section */

/* Begin PBXContainerItemProxy section */
		57764F392036316A00FFCE08 /* PBXContainerItemProxy */ = {
			isa = PBXContainerItemProxy;
			containerPortal = 57764F1A2036316A00FFCE08 /* Project object */;
			proxyType = 1;
			remoteGlobalIDString = 57764F212036316A00FFCE08;
			remoteInfo = virtualwallet;
		};
/* End PBXContainerItemProxy section */

/* Begin PBXFileReference section */
		1BEA10AB6DD3C043122ACA91 /* Pods_virtualwalletTests.framework */ = {isa = PBXFileReference; explicitFileType = wrapper.framework; includeInIndex = 0; path = Pods_virtualwalletTests.framework; sourceTree = BUILT_PRODUCTS_DIR; };
		2EF34C4A8A5AE5EF548A87E0 /* Pods-virtualwallet.release.xcconfig */ = {isa = PBXFileReference; includeInIndex = 1; lastKnownFileType = text.xcconfig; name = "Pods-virtualwallet.release.xcconfig"; path = "Pods/Target Support Files/Pods-virtualwallet/Pods-virtualwallet.release.xcconfig"; sourceTree = "<group>"; };
		5720311820900AB500425EDD /* WalletError.swift */ = {isa = PBXFileReference; lastKnownFileType = sourcecode.swift; path = WalletError.swift; sourceTree = "<group>"; };
		5720311C2090199300425EDD /* TransactionViewController.swift */ = {isa = PBXFileReference; lastKnownFileType = sourcecode.swift; path = TransactionViewController.swift; sourceTree = "<group>"; };
		5720311D2090199300425EDD /* TransactionViewController.xib */ = {isa = PBXFileReference; lastKnownFileType = file.xib; path = TransactionViewController.xib; sourceTree = "<group>"; };
		5725C91A204377E0001099E0 /* QuotationsDelegateSpy.swift */ = {isa = PBXFileReference; lastKnownFileType = sourcecode.swift; path = QuotationsDelegateSpy.swift; sourceTree = "<group>"; };
		5725C91C2043822E001099E0 /* SupportedCurrencies.swift */ = {isa = PBXFileReference; lastKnownFileType = sourcecode.swift; path = SupportedCurrencies.swift; sourceTree = "<group>"; };
		5725C91E204383B2001099E0 /* BitcoinMarketRouter.swift */ = {isa = PBXFileReference; lastKnownFileType = sourcecode.swift; path = BitcoinMarketRouter.swift; sourceTree = "<group>"; };
		5725C920204384D6001099E0 /* Router.swift */ = {isa = PBXFileReference; lastKnownFileType = sourcecode.swift; path = Router.swift; sourceTree = "<group>"; };
		5725C92220438884001099E0 /* UpdateDigitalCurrencyOperationTest.swift */ = {isa = PBXFileReference; lastKnownFileType = sourcecode.swift; path = UpdateDigitalCurrencyOperationTest.swift; sourceTree = "<group>"; };
		5725C92420438942001099E0 /* FetchDigitalCurrencyOperation.swift */ = {isa = PBXFileReference; lastKnownFileType = sourcecode.swift; path = FetchDigitalCurrencyOperation.swift; sourceTree = "<group>"; };
		5725C92620438B3F001099E0 /* JSONTicker.swift */ = {isa = PBXFileReference; lastKnownFileType = sourcecode.swift; path = JSONTicker.swift; sourceTree = "<group>"; };
		5725C92820438F60001099E0 /* DateDecodable.swift */ = {isa = PBXFileReference; lastKnownFileType = sourcecode.swift; path = DateDecodable.swift; sourceTree = "<group>"; };
		5725C92C20439104001099E0 /* JSONTickerTest.swift */ = {isa = PBXFileReference; lastKnownFileType = sourcecode.swift; path = JSONTickerTest.swift; sourceTree = "<group>"; };
		57260A03212E41C300A44D77 /* Completion.swift */ = {isa = PBXFileReference; lastKnownFileType = sourcecode.swift; path = Completion.swift; sourceTree = "<group>"; };
		57260A05212E49A700A44D77 /* ObservableOperation.swift */ = {isa = PBXFileReference; lastKnownFileType = sourcecode.swift; path = ObservableOperation.swift; sourceTree = "<group>"; };
		5731409F209FD4FE000C1574 /* MainViewModel.swift */ = {isa = PBXFileReference; lastKnownFileType = sourcecode.swift; path = MainViewModel.swift; sourceTree = "<group>"; };
		573140A2209FD9E9000C1574 /* DisplayableMoney.swift */ = {isa = PBXFileReference; lastKnownFileType = sourcecode.swift; path = DisplayableMoney.swift; sourceTree = "<group>"; };
		5738E50720B4E8A9004FDA88 /* TransactionViewModel.swift */ = {isa = PBXFileReference; lastKnownFileType = sourcecode.swift; path = TransactionViewModel.swift; sourceTree = "<group>"; };
		5738E50920B4F9B4004FDA88 /* UITextField+Additions.swift */ = {isa = PBXFileReference; lastKnownFileType = sourcecode.swift; path = "UITextField+Additions.swift"; sourceTree = "<group>"; };
		5738E50D20B4FBB9004FDA88 /* CurrencyFieldDelegate.swift */ = {isa = PBXFileReference; lastKnownFileType = sourcecode.swift; path = CurrencyFieldDelegate.swift; sourceTree = "<group>"; };
		574AC2D2203911B9006FFF97 /* RESTService.swift */ = {isa = PBXFileReference; fileEncoding = 4; lastKnownFileType = sourcecode.swift; path = RESTService.swift; sourceTree = "<group>"; };
		574AC2D42039130A006FFF97 /* NetworkError.swift */ = {isa = PBXFileReference; lastKnownFileType = sourcecode.swift; path = NetworkError.swift; sourceTree = "<group>"; };
		574AC2D92039F82E006FFF97 /* Default-568h@2x.png */ = {isa = PBXFileReference; lastKnownFileType = image.png; path = "Default-568h@2x.png"; sourceTree = "<group>"; };
		574AC2DE2039F9BC006FFF97 /* UpdateCentralBankCurrencyTest.swift */ = {isa = PBXFileReference; lastKnownFileType = sourcecode.swift; path = UpdateCentralBankCurrencyTest.swift; sourceTree = "<group>"; };
		574AC2E22039FD60006FFF97 /* Service.swift */ = {isa = PBXFileReference; lastKnownFileType = sourcecode.swift; path = Service.swift; sourceTree = "<group>"; };
		57764F222036316A00FFCE08 /* virtualwallet.app */ = {isa = PBXFileReference; explicitFileType = wrapper.application; includeInIndex = 0; path = virtualwallet.app; sourceTree = BUILT_PRODUCTS_DIR; };
		57764F252036316A00FFCE08 /* AppDelegate.swift */ = {isa = PBXFileReference; lastKnownFileType = sourcecode.swift; path = AppDelegate.swift; sourceTree = "<group>"; };
		57764F272036316A00FFCE08 /* QuotationsViewController.swift */ = {isa = PBXFileReference; lastKnownFileType = sourcecode.swift; path = QuotationsViewController.swift; sourceTree = "<group>"; };
		57764F2C2036316A00FFCE08 /* Base */ = {isa = PBXFileReference; lastKnownFileType = file.storyboard; name = Base; path = Base.lproj/Main.storyboard; sourceTree = "<group>"; };
		57764F2E2036316A00FFCE08 /* Assets.xcassets */ = {isa = PBXFileReference; lastKnownFileType = folder.assetcatalog; path = Assets.xcassets; sourceTree = "<group>"; };
		57764F312036316A00FFCE08 /* Base */ = {isa = PBXFileReference; lastKnownFileType = file.storyboard; name = Base; path = Base.lproj/LaunchScreen.storyboard; sourceTree = "<group>"; };
		57764F332036316A00FFCE08 /* Info.plist */ = {isa = PBXFileReference; lastKnownFileType = text.plist.xml; path = Info.plist; sourceTree = "<group>"; };
		57764F382036316A00FFCE08 /* virtualwalletTests.xctest */ = {isa = PBXFileReference; explicitFileType = wrapper.cfbundle; includeInIndex = 0; path = virtualwalletTests.xctest; sourceTree = BUILT_PRODUCTS_DIR; };
		57764F3E2036316A00FFCE08 /* Info.plist */ = {isa = PBXFileReference; lastKnownFileType = text.plist.xml; path = Info.plist; sourceTree = "<group>"; };
		57764F48203636F000FFCE08 /* R.generated.swift */ = {isa = PBXFileReference; fileEncoding = 4; lastKnownFileType = sourcecode.swift; path = R.generated.swift; sourceTree = SOURCE_ROOT; };
		57764F4F203649D300FFCE08 /* CurrencyTransactionTest.swift */ = {isa = PBXFileReference; lastKnownFileType = sourcecode.swift; path = CurrencyTransactionTest.swift; sourceTree = "<group>"; };
		57764F522038C35D00FFCE08 /* CurrencyTransaction.swift */ = {isa = PBXFileReference; lastKnownFileType = sourcecode.swift; path = CurrencyTransaction.swift; sourceTree = "<group>"; };
		57764F552038C3B400FFCE08 /* Wallet.swift */ = {isa = PBXFileReference; lastKnownFileType = sourcecode.swift; path = Wallet.swift; sourceTree = "<group>"; };
		57764F582038C5E400FFCE08 /* CurrencyProperties.swift */ = {isa = PBXFileReference; lastKnownFileType = sourcecode.swift; path = CurrencyProperties.swift; sourceTree = "<group>"; };
		57764F5B2038D35C00FFCE08 /* TransactionError.swift */ = {isa = PBXFileReference; lastKnownFileType = sourcecode.swift; path = TransactionError.swift; sourceTree = "<group>"; };
		5784E0582038D3AA0096B151 /* AppError.swift */ = {isa = PBXFileReference; lastKnownFileType = sourcecode.swift; path = AppError.swift; sourceTree = "<group>"; };
		5784E05C2038FA6C0096B151 /* BaseRouter.swift */ = {isa = PBXFileReference; lastKnownFileType = sourcecode.swift; path = BaseRouter.swift; sourceTree = "<group>"; };
		5784E05E2038FACD0096B151 /* CentralBankRouter.swift */ = {isa = PBXFileReference; lastKnownFileType = sourcecode.swift; path = CentralBankRouter.swift; sourceTree = "<group>"; };
		5784E0612038FDBC0096B151 /* Date+Additions.swift */ = {isa = PBXFileReference; lastKnownFileType = sourcecode.swift; path = "Date+Additions.swift"; sourceTree = "<group>"; };
		5784E0642038FF170096B151 /* FetchCentralBankCurrency.swift */ = {isa = PBXFileReference; lastKnownFileType = sourcecode.swift; path = FetchCentralBankCurrency.swift; sourceTree = "<group>"; };
		5784E066203906570096B151 /* CustomOperation.swift */ = {isa = PBXFileReference; lastKnownFileType = sourcecode.swift; path = CustomOperation.swift; sourceTree = "<group>"; };
		57881F45203BA1F400B7CFE4 /* JSONQuotation.swift */ = {isa = PBXFileReference; lastKnownFileType = sourcecode.swift; path = JSONQuotation.swift; sourceTree = "<group>"; };
		57881F47203BABEA00B7CFE4 /* JSONError.swift */ = {isa = PBXFileReference; lastKnownFileType = sourcecode.swift; path = JSONError.swift; sourceTree = "<group>"; };
		57881F49203BBB0800B7CFE4 /* DoubleAdditions.swift */ = {isa = PBXFileReference; lastKnownFileType = sourcecode.swift; path = DoubleAdditions.swift; sourceTree = "<group>"; };
		57921E542138B78B0069E029 /* OperationError.swift */ = {isa = PBXFileReference; lastKnownFileType = sourcecode.swift; path = OperationError.swift; sourceTree = "<group>"; };
		57921E562138BED20069E029 /* QuotationsService.swift */ = {isa = PBXFileReference; lastKnownFileType = sourcecode.swift; path = QuotationsService.swift; sourceTree = "<group>"; };
		57921E5E2138C8320069E029 /* InitialDataCreator.swift */ = {isa = PBXFileReference; lastKnownFileType = sourcecode.swift; path = InitialDataCreator.swift; sourceTree = "<group>"; };
		57ABBC9420D1F0C700834EDE /* TransactionController.swift */ = {isa = PBXFileReference; lastKnownFileType = sourcecode.swift; path = TransactionController.swift; sourceTree = "<group>"; };
		57AEF91220434294001E77C8 /* JSONQuotationTest.swift */ = {isa = PBXFileReference; lastKnownFileType = sourcecode.swift; path = JSONQuotationTest.swift; sourceTree = "<group>"; };
		57AEF91520434BC9001E77C8 /* QuotationsViewModel.swift */ = {isa = PBXFileReference; lastKnownFileType = sourcecode.swift; path = QuotationsViewModel.swift; sourceTree = "<group>"; };
		57AEF9172043512F001E77C8 /* UIViewController+Additions.swift */ = {isa = PBXFileReference; lastKnownFileType = sourcecode.swift; path = "UIViewController+Additions.swift"; sourceTree = "<group>"; };
		57AEF91A2043589E001E77C8 /* QuotationsViewModelTest.swift */ = {isa = PBXFileReference; lastKnownFileType = sourcecode.swift; path = QuotationsViewModelTest.swift; sourceTree = "<group>"; };
		57AEF91D20435CFD001E77C8 /* DateAdditionsTest.swift */ = {isa = PBXFileReference; lastKnownFileType = sourcecode.swift; path = DateAdditionsTest.swift; sourceTree = "<group>"; };
		57B296B4208581C800751A0F /* WalletTableViewController.swift */ = {isa = PBXFileReference; lastKnownFileType = sourcecode.swift; path = WalletTableViewController.swift; sourceTree = "<group>"; };
		57B296B62085825000751A0F /* WalletViewModel.swift */ = {isa = PBXFileReference; lastKnownFileType = sourcecode.swift; path = WalletViewModel.swift; sourceTree = "<group>"; };
		57B5089C2112854600C29E70 /* TransactionEntity+CoreDataClass.swift */ = {isa = PBXFileReference; lastKnownFileType = sourcecode.swift; path = "TransactionEntity+CoreDataClass.swift"; sourceTree = "<group>"; };
		57B5089D2112854600C29E70 /* TransactionEntity+CoreDataProperties.swift */ = {isa = PBXFileReference; lastKnownFileType = sourcecode.swift; path = "TransactionEntity+CoreDataProperties.swift"; sourceTree = "<group>"; };
		57B5089E2112854600C29E70 /* QuotationEntity+CoreDataClass.swift */ = {isa = PBXFileReference; lastKnownFileType = sourcecode.swift; path = "QuotationEntity+CoreDataClass.swift"; sourceTree = "<group>"; };
		57B5089F2112854600C29E70 /* QuotationEntity+CoreDataProperties.swift */ = {isa = PBXFileReference; lastKnownFileType = sourcecode.swift; path = "QuotationEntity+CoreDataProperties.swift"; sourceTree = "<group>"; };
		57B508A02112854600C29E70 /* CurrencyEntity+CoreDataClass.swift */ = {isa = PBXFileReference; lastKnownFileType = sourcecode.swift; path = "CurrencyEntity+CoreDataClass.swift"; sourceTree = "<group>"; };
		57B508A12112854600C29E70 /* CurrencyEntity+CoreDataProperties.swift */ = {isa = PBXFileReference; lastKnownFileType = sourcecode.swift; path = "CurrencyEntity+CoreDataProperties.swift"; sourceTree = "<group>"; };
		57B508A22112854600C29E70 /* WalletEntity+CoreDataClass.swift */ = {isa = PBXFileReference; lastKnownFileType = sourcecode.swift; path = "WalletEntity+CoreDataClass.swift"; sourceTree = "<group>"; };
		57B508A32112854600C29E70 /* WalletEntity+CoreDataProperties.swift */ = {isa = PBXFileReference; lastKnownFileType = sourcecode.swift; path = "WalletEntity+CoreDataProperties.swift"; sourceTree = "<group>"; };
		57B508B921128AE000C29E70 /* WalletDataContainer.swift */ = {isa = PBXFileReference; lastKnownFileType = sourcecode.swift; path = WalletDataContainer.swift; sourceTree = "<group>"; };
		57B508BB2112951900C29E70 /* NSManagedObjectContext+Additions.swift */ = {isa = PBXFileReference; lastKnownFileType = sourcecode.swift; path = "NSManagedObjectContext+Additions.swift"; sourceTree = "<group>"; };
		57BD36A620EDB10900AE2AFC /* wallet.xcdatamodel */ = {isa = PBXFileReference; lastKnownFileType = wrapper.xcdatamodel; path = wallet.xcdatamodel; sourceTree = "<group>"; };
		57D74AD5211BC5A700C5AB8D /* DataContainer.swift */ = {isa = PBXFileReference; lastKnownFileType = sourcecode.swift; path = DataContainer.swift; sourceTree = "<group>"; };
		57DB92242106A9F500E66717 /* TransactionView.swift */ = {isa = PBXFileReference; lastKnownFileType = sourcecode.swift; path = TransactionView.swift; sourceTree = "<group>"; };
		8661E187FFB4532C6EBF522B /* Pods-virtualwallet.debug.xcconfig */ = {isa = PBXFileReference; includeInIndex = 1; lastKnownFileType = text.xcconfig; name = "Pods-virtualwallet.debug.xcconfig"; path = "Pods/Target Support Files/Pods-virtualwallet/Pods-virtualwallet.debug.xcconfig"; sourceTree = "<group>"; };
		8E97E907831AD4A73621D554 /* Pods_virtualwallet.framework */ = {isa = PBXFileReference; explicitFileType = wrapper.framework; includeInIndex = 0; path = Pods_virtualwallet.framework; sourceTree = BUILT_PRODUCTS_DIR; };
		D9F7B6A320343AA12E77F807 /* Pods-virtualwalletTests.debug.xcconfig */ = {isa = PBXFileReference; includeInIndex = 1; lastKnownFileType = text.xcconfig; name = "Pods-virtualwalletTests.debug.xcconfig"; path = "Pods/Target Support Files/Pods-virtualwalletTests/Pods-virtualwalletTests.debug.xcconfig"; sourceTree = "<group>"; };
		DAFA3501CA3DED79F6261CCB /* Pods-virtualwalletTests.release.xcconfig */ = {isa = PBXFileReference; includeInIndex = 1; lastKnownFileType = text.xcconfig; name = "Pods-virtualwalletTests.release.xcconfig"; path = "Pods/Target Support Files/Pods-virtualwalletTests/Pods-virtualwalletTests.release.xcconfig"; sourceTree = "<group>"; };
/* End PBXFileReference section */

/* Begin PBXFrameworksBuildPhase section */
		57764F1F2036316A00FFCE08 /* Frameworks */ = {
			isa = PBXFrameworksBuildPhase;
			buildActionMask = 2147483647;
			files = (
				1200753880DAA6E5B07DF5BC /* Pods_virtualwallet.framework in Frameworks */,
			);
			runOnlyForDeploymentPostprocessing = 0;
		};
		57764F352036316A00FFCE08 /* Frameworks */ = {
			isa = PBXFrameworksBuildPhase;
			buildActionMask = 2147483647;
			files = (
				D107A30098519810DB6923E9 /* Pods_virtualwalletTests.framework in Frameworks */,
			);
			runOnlyForDeploymentPostprocessing = 0;
		};
/* End PBXFrameworksBuildPhase section */

/* Begin PBXGroup section */
		5720311720900AA400425EDD /* errors */ = {
			isa = PBXGroup;
			children = (
				5720311820900AB500425EDD /* WalletError.swift */,
			);
			path = errors;
			sourceTree = "<group>";
		};
		5720311A2090192C00425EDD /* ViewModel */ = {
			isa = PBXGroup;
			children = (
				57B296B62085825000751A0F /* WalletViewModel.swift */,
			);
			path = ViewModel;
			sourceTree = "<group>";
		};
		5720311B2090193D00425EDD /* Controller */ = {
			isa = PBXGroup;
			children = (
				57B296B4208581C800751A0F /* WalletTableViewController.swift */,
			);
			path = Controller;
			sourceTree = "<group>";
		};
		572031202090199A00425EDD /* Transaction */ = {
			isa = PBXGroup;
			children = (
				57B508B32112863400C29E70 /* model */,
				57DB92272106AA2E00E66717 /* ViewModel */,
				57DB92262106AA2100E66717 /* controller */,
			);
			path = Transaction;
			sourceTree = "<group>";
		};
		5725C919204377C7001099E0 /* spies */ = {
			isa = PBXGroup;
			children = (
				5725C91A204377E0001099E0 /* QuotationsDelegateSpy.swift */,
			);
			path = spies;
			sourceTree = "<group>";
		};
		57260A02212E41AE00A44D77 /* utils */ = {
			isa = PBXGroup;
			children = (
				57260A03212E41C300A44D77 /* Completion.swift */,
			);
			path = utils;
			sourceTree = "<group>";
		};
		5731409E209FD4D1000C1574 /* MainViewController */ = {
			isa = PBXGroup;
			children = (
				5731409F209FD4FE000C1574 /* MainViewModel.swift */,
			);
			path = MainViewController;
			sourceTree = "<group>";
		};
		573140A1209FD9D9000C1574 /* Money */ = {
			isa = PBXGroup;
			children = (
				573140A2209FD9E9000C1574 /* DisplayableMoney.swift */,
			);
			path = Money;
			sourceTree = "<group>";
		};
		5738E50C20B4FB8F004FDA88 /* FieldMask */ = {
			isa = PBXGroup;
			children = (
				5738E50D20B4FBB9004FDA88 /* CurrencyFieldDelegate.swift */,
			);
			path = FieldMask;
			sourceTree = "<group>";
		};
		574AC2DB2039F968006FFF97 /* Network */ = {
			isa = PBXGroup;
			children = (
				574AC2DE2039F9BC006FFF97 /* UpdateCentralBankCurrencyTest.swift */,
				5725C92220438884001099E0 /* UpdateDigitalCurrencyOperationTest.swift */,
			);
			path = Network;
			sourceTree = "<group>";
		};
		574AC2E12039FD52006FFF97 /* protocols */ = {
			isa = PBXGroup;
			children = (
				573140A1209FD9D9000C1574 /* Money */,
				574AC2E22039FD60006FFF97 /* Service.swift */,
			);
			path = protocols;
			sourceTree = "<group>";
		};
		57764F192036316A00FFCE08 = {
			isa = PBXGroup;
			children = (
				574AC2D92039F82E006FFF97 /* Default-568h@2x.png */,
				57764F242036316A00FFCE08 /* virtualwallet */,
				57764F3B2036316A00FFCE08 /* virtualwalletTests */,
				57764F232036316A00FFCE08 /* Products */,
				9684AEC8C84168EF5111430D /* Pods */,
				7F8E0B406E5815A88FA47C88 /* Frameworks */,
			);
			sourceTree = "<group>";
		};
		57764F232036316A00FFCE08 /* Products */ = {
			isa = PBXGroup;
			children = (
				57764F222036316A00FFCE08 /* virtualwallet.app */,
				57764F382036316A00FFCE08 /* virtualwalletTests.xctest */,
			);
			name = Products;
			sourceTree = "<group>";
		};
		57764F242036316A00FFCE08 /* virtualwallet */ = {
			isa = PBXGroup;
			children = (
				57260A02212E41AE00A44D77 /* utils */,
				57B508B22112860400C29E70 /* additions */,
				57921E582138C3BB0069E029 /* Storage */,
				5738E50C20B4FB8F004FDA88 /* FieldMask */,
				5731409E209FD4D1000C1574 /* MainViewController */,
				57764F542038C3A700FFCE08 /* Wallet */,
				57AEF91420434BB2001E77C8 /* Quotations */,
				574AC2E12039FD52006FFF97 /* protocols */,
				57B508B1211285DD00C29E70 /* Errors */,
				57B508B42112865A00C29E70 /* network */,
				57764F48203636F000FFCE08 /* R.generated.swift */,
				57764F252036316A00FFCE08 /* AppDelegate.swift */,
				57764F2B2036316A00FFCE08 /* Main.storyboard */,
				57764F2E2036316A00FFCE08 /* Assets.xcassets */,
				57764F302036316A00FFCE08 /* LaunchScreen.storyboard */,
				57764F332036316A00FFCE08 /* Info.plist */,
			);
			path = virtualwallet;
			sourceTree = "<group>";
		};
		57764F3B2036316A00FFCE08 /* virtualwalletTests */ = {
			isa = PBXGroup;
			children = (
				57AEF91C20435CE2001E77C8 /* Additions */,
				57AEF91920435888001E77C8 /* quotations */,
				57AEF9112043427E001E77C8 /* JSONParser */,
				574AC2DB2039F968006FFF97 /* Network */,
				57764F4C2036499600FFCE08 /* transactions */,
				57764F3E2036316A00FFCE08 /* Info.plist */,
			);
			path = virtualwalletTests;
			sourceTree = "<group>";
		};
		57764F4C2036499600FFCE08 /* transactions */ = {
			isa = PBXGroup;
			children = (
				57764F4F203649D300FFCE08 /* CurrencyTransactionTest.swift */,
			);
			name = transactions;
			sourceTree = "<group>";
		};
		57764F542038C3A700FFCE08 /* Wallet */ = {
			isa = PBXGroup;
			children = (
				572031202090199A00425EDD /* Transaction */,
				5720311B2090193D00425EDD /* Controller */,
				5720311A2090192C00425EDD /* ViewModel */,
				5720311720900AA400425EDD /* errors */,
				57764F572038C5D200FFCE08 /* Model */,
			);
			path = Wallet;
			sourceTree = "<group>";
		};
		57764F572038C5D200FFCE08 /* Model */ = {
			isa = PBXGroup;
			children = (
				57764F552038C3B400FFCE08 /* Wallet.swift */,
				57764F582038C5E400FFCE08 /* CurrencyProperties.swift */,
			);
			name = Model;
			sourceTree = "<group>";
		};
		57921E582138C3BB0069E029 /* Storage */ = {
			isa = PBXGroup;
			children = (
				57BD36A420EDB0E900AE2AFC /* CoreData */,
				57921E5E2138C8320069E029 /* InitialDataCreator.swift */,
			);
			path = Storage;
			sourceTree = "<group>";
		};
		57AEF9112043427E001E77C8 /* JSONParser */ = {
			isa = PBXGroup;
			children = (
				57AEF91220434294001E77C8 /* JSONQuotationTest.swift */,
				5725C92C20439104001099E0 /* JSONTickerTest.swift */,
			);
			path = JSONParser;
			sourceTree = "<group>";
		};
		57AEF91420434BB2001E77C8 /* Quotations */ = {
			isa = PBXGroup;
			children = (
				57764F272036316A00FFCE08 /* QuotationsViewController.swift */,
				57AEF91520434BC9001E77C8 /* QuotationsViewModel.swift */,
				5725C91C2043822E001099E0 /* SupportedCurrencies.swift */,
				57921E562138BED20069E029 /* QuotationsService.swift */,
			);
			path = Quotations;
			sourceTree = "<group>";
		};
		57AEF91920435888001E77C8 /* quotations */ = {
			isa = PBXGroup;
			children = (
				5725C919204377C7001099E0 /* spies */,
				57AEF91A2043589E001E77C8 /* QuotationsViewModelTest.swift */,
			);
			name = quotations;
			sourceTree = "<group>";
		};
		57AEF91C20435CE2001E77C8 /* Additions */ = {
			isa = PBXGroup;
			children = (
				57AEF91D20435CFD001E77C8 /* DateAdditionsTest.swift */,
			);
			path = Additions;
			sourceTree = "<group>";
		};
		57B5089B2112850C00C29E70 /* Entities */ = {
			isa = PBXGroup;
			children = (
				57B508AD2112855B00C29E70 /* Transaction */,
				57B508AE2112856500C29E70 /* Quotation */,
				57B508AF2112856D00C29E70 /* Currency */,
				57B508B02112857300C29E70 /* Wallet */,
			);
			path = Entities;
			sourceTree = "<group>";
		};
		57B508AD2112855B00C29E70 /* Transaction */ = {
			isa = PBXGroup;
			children = (
				57B5089C2112854600C29E70 /* TransactionEntity+CoreDataClass.swift */,
				57B5089D2112854600C29E70 /* TransactionEntity+CoreDataProperties.swift */,
			);
			path = Transaction;
			sourceTree = "<group>";
		};
		57B508AE2112856500C29E70 /* Quotation */ = {
			isa = PBXGroup;
			children = (
				57B5089E2112854600C29E70 /* QuotationEntity+CoreDataClass.swift */,
				57B5089F2112854600C29E70 /* QuotationEntity+CoreDataProperties.swift */,
			);
			path = Quotation;
			sourceTree = "<group>";
		};
		57B508AF2112856D00C29E70 /* Currency */ = {
			isa = PBXGroup;
			children = (
				57B508A02112854600C29E70 /* CurrencyEntity+CoreDataClass.swift */,
				57B508A12112854600C29E70 /* CurrencyEntity+CoreDataProperties.swift */,
			);
			path = Currency;
			sourceTree = "<group>";
		};
		57B508B02112857300C29E70 /* Wallet */ = {
			isa = PBXGroup;
			children = (
				57B508A22112854600C29E70 /* WalletEntity+CoreDataClass.swift */,
				57B508A32112854600C29E70 /* WalletEntity+CoreDataProperties.swift */,
			);
			path = Wallet;
			sourceTree = "<group>";
		};
		57B508B1211285DD00C29E70 /* Errors */ = {
			isa = PBXGroup;
			children = (
				57764F5B2038D35C00FFCE08 /* TransactionError.swift */,
				5784E0582038D3AA0096B151 /* AppError.swift */,
				574AC2D42039130A006FFF97 /* NetworkError.swift */,
				57881F47203BABEA00B7CFE4 /* JSONError.swift */,
				57921E542138B78B0069E029 /* OperationError.swift */,
			);
			path = Errors;
			sourceTree = "<group>";
		};
		57B508B22112860400C29E70 /* additions */ = {
			isa = PBXGroup;
			children = (
				5784E0612038FDBC0096B151 /* Date+Additions.swift */,
				5738E50920B4F9B4004FDA88 /* UITextField+Additions.swift */,
				57881F49203BBB0800B7CFE4 /* DoubleAdditions.swift */,
				57AEF9172043512F001E77C8 /* UIViewController+Additions.swift */,
				57B508BB2112951900C29E70 /* NSManagedObjectContext+Additions.swift */,
			);
			path = additions;
			sourceTree = "<group>";
		};
		57B508B32112863400C29E70 /* model */ = {
			isa = PBXGroup;
			children = (
				57764F522038C35D00FFCE08 /* CurrencyTransaction.swift */,
			);
			path = model;
			sourceTree = "<group>";
		};
		57B508B42112865A00C29E70 /* network */ = {
			isa = PBXGroup;
			children = (
				57B508B82112869800C29E70 /* Operations */,
				57B508B72112868C00C29E70 /* Service */,
				57B508B62112867B00C29E70 /* Router */,
				57B508B52112866900C29E70 /* JSON */,
			);
			path = network;
			sourceTree = "<group>";
		};
		57B508B52112866900C29E70 /* JSON */ = {
			isa = PBXGroup;
			children = (
				57881F45203BA1F400B7CFE4 /* JSONQuotation.swift */,
				5725C92620438B3F001099E0 /* JSONTicker.swift */,
				5725C92820438F60001099E0 /* DateDecodable.swift */,
			);
			path = JSON;
			sourceTree = "<group>";
		};
		57B508B62112867B00C29E70 /* Router */ = {
			isa = PBXGroup;
			children = (
				5725C920204384D6001099E0 /* Router.swift */,
				5784E05C2038FA6C0096B151 /* BaseRouter.swift */,
				5784E05E2038FACD0096B151 /* CentralBankRouter.swift */,
				5725C91E204383B2001099E0 /* BitcoinMarketRouter.swift */,
			);
			path = Router;
			sourceTree = "<group>";
		};
		57B508B72112868C00C29E70 /* Service */ = {
			isa = PBXGroup;
			children = (
				574AC2D2203911B9006FFF97 /* RESTService.swift */,
			);
			path = Service;
			sourceTree = "<group>";
		};
		57B508B82112869800C29E70 /* Operations */ = {
			isa = PBXGroup;
			children = (
				5784E0642038FF170096B151 /* FetchCentralBankCurrency.swift */,
				5725C92420438942001099E0 /* FetchDigitalCurrencyOperation.swift */,
				5784E066203906570096B151 /* CustomOperation.swift */,
				57260A05212E49A700A44D77 /* ObservableOperation.swift */,
			);
			path = Operations;
			sourceTree = "<group>";
		};
		57BD36A420EDB0E900AE2AFC /* CoreData */ = {
			isa = PBXGroup;
			children = (
				57B5089B2112850C00C29E70 /* Entities */,
				57BD36A520EDB10900AE2AFC /* wallet.xcdatamodeld */,
				57B508B921128AE000C29E70 /* WalletDataContainer.swift */,
				57D74AD5211BC5A700C5AB8D /* DataContainer.swift */,
			);
			path = CoreData;
			sourceTree = "<group>";
		};
		57DB92262106AA2100E66717 /* controller */ = {
			isa = PBXGroup;
			children = (
				5720311C2090199300425EDD /* TransactionViewController.swift */,
				5720311D2090199300425EDD /* TransactionViewController.xib */,
				57ABBC9420D1F0C700834EDE /* TransactionController.swift */,
				57DB92242106A9F500E66717 /* TransactionView.swift */,
			);
			path = controller;
			sourceTree = "<group>";
		};
		57DB92272106AA2E00E66717 /* ViewModel */ = {
			isa = PBXGroup;
			children = (
				5738E50720B4E8A9004FDA88 /* TransactionViewModel.swift */,
			);
			path = ViewModel;
			sourceTree = "<group>";
		};
		7F8E0B406E5815A88FA47C88 /* Frameworks */ = {
			isa = PBXGroup;
			children = (
				8E97E907831AD4A73621D554 /* Pods_virtualwallet.framework */,
				1BEA10AB6DD3C043122ACA91 /* Pods_virtualwalletTests.framework */,
			);
			name = Frameworks;
			sourceTree = "<group>";
		};
		9684AEC8C84168EF5111430D /* Pods */ = {
			isa = PBXGroup;
			children = (
				8661E187FFB4532C6EBF522B /* Pods-virtualwallet.debug.xcconfig */,
				2EF34C4A8A5AE5EF548A87E0 /* Pods-virtualwallet.release.xcconfig */,
				D9F7B6A320343AA12E77F807 /* Pods-virtualwalletTests.debug.xcconfig */,
				DAFA3501CA3DED79F6261CCB /* Pods-virtualwalletTests.release.xcconfig */,
			);
			name = Pods;
			sourceTree = "<group>";
		};
/* End PBXGroup section */

/* Begin PBXNativeTarget section */
		57764F212036316A00FFCE08 /* virtualwallet */ = {
			isa = PBXNativeTarget;
			buildConfigurationList = 57764F412036316A00FFCE08 /* Build configuration list for PBXNativeTarget "virtualwallet" */;
			buildPhases = (
				A577BC2DDC3DD8FB652482AF /* [CP] Check Pods Manifest.lock */,
				57764F472036367600FFCE08 /* RSwiftPhase */,
				57764F1E2036316A00FFCE08 /* Sources */,
				57764F4A2036390500FFCE08 /* SwiftLint */,
				57764F1F2036316A00FFCE08 /* Frameworks */,
				57764F202036316A00FFCE08 /* Resources */,
				3681C8B9F0E7035E10AA3DF0 /* [CP] Embed Pods Frameworks */,
			);
			buildRules = (
			);
			dependencies = (
			);
			name = virtualwallet;
			productName = virtualwallet;
			productReference = 57764F222036316A00FFCE08 /* virtualwallet.app */;
			productType = "com.apple.product-type.application";
		};
		57764F372036316A00FFCE08 /* virtualwalletTests */ = {
			isa = PBXNativeTarget;
			buildConfigurationList = 57764F442036316A00FFCE08 /* Build configuration list for PBXNativeTarget "virtualwalletTests" */;
			buildPhases = (
				B554A7132916B2C52D0DD5E7 /* [CP] Check Pods Manifest.lock */,
				57764F342036316A00FFCE08 /* Sources */,
				57764F352036316A00FFCE08 /* Frameworks */,
				57764F362036316A00FFCE08 /* Resources */,
				036D015455DCF68266F0558C /* [CP] Embed Pods Frameworks */,
			);
			buildRules = (
			);
			dependencies = (
				57764F3A2036316A00FFCE08 /* PBXTargetDependency */,
			);
			name = virtualwalletTests;
			productName = virtualwalletTests;
			productReference = 57764F382036316A00FFCE08 /* virtualwalletTests.xctest */;
			productType = "com.apple.product-type.bundle.unit-test";
		};
/* End PBXNativeTarget section */

/* Begin PBXProject section */
		57764F1A2036316A00FFCE08 /* Project object */ = {
			isa = PBXProject;
			attributes = {
				LastSwiftUpdateCheck = 0920;
				LastUpgradeCheck = 0930;
				ORGANIZATIONNAME = victor;
				TargetAttributes = {
					57764F212036316A00FFCE08 = {
						CreatedOnToolsVersion = 9.2;
						ProvisioningStyle = Automatic;
					};
					57764F372036316A00FFCE08 = {
						CreatedOnToolsVersion = 9.2;
						ProvisioningStyle = Automatic;
						TestTargetID = 57764F212036316A00FFCE08;
					};
				};
			};
			buildConfigurationList = 57764F1D2036316A00FFCE08 /* Build configuration list for PBXProject "virtualwallet" */;
			compatibilityVersion = "Xcode 8.0";
			developmentRegion = en;
			hasScannedForEncodings = 0;
			knownRegions = (
				en,
				Base,
			);
			mainGroup = 57764F192036316A00FFCE08;
			productRefGroup = 57764F232036316A00FFCE08 /* Products */;
			projectDirPath = "";
			projectRoot = "";
			targets = (
				57764F212036316A00FFCE08 /* virtualwallet */,
				57764F372036316A00FFCE08 /* virtualwalletTests */,
			);
		};
/* End PBXProject section */

/* Begin PBXResourcesBuildPhase section */
		57764F202036316A00FFCE08 /* Resources */ = {
			isa = PBXResourcesBuildPhase;
			buildActionMask = 2147483647;
			files = (
				57764F322036316A00FFCE08 /* LaunchScreen.storyboard in Resources */,
				574AC2DA2039F82E006FFF97 /* Default-568h@2x.png in Resources */,
				57764F2F2036316A00FFCE08 /* Assets.xcassets in Resources */,
				5720311F2090199300425EDD /* TransactionViewController.xib in Resources */,
				57764F2D2036316A00FFCE08 /* Main.storyboard in Resources */,
			);
			runOnlyForDeploymentPostprocessing = 0;
		};
		57764F362036316A00FFCE08 /* Resources */ = {
			isa = PBXResourcesBuildPhase;
			buildActionMask = 2147483647;
			files = (
			);
			runOnlyForDeploymentPostprocessing = 0;
		};
/* End PBXResourcesBuildPhase section */

/* Begin PBXShellScriptBuildPhase section */
		036D015455DCF68266F0558C /* [CP] Embed Pods Frameworks */ = {
			isa = PBXShellScriptBuildPhase;
			buildActionMask = 2147483647;
			files = (
			);
			inputPaths = (
				"${SRCROOT}/Pods/Target Support Files/Pods-virtualwalletTests/Pods-virtualwalletTests-frameworks.sh",
				"${BUILT_PRODUCTS_DIR}/OHHTTPStubs/OHHTTPStubs.framework",
			);
			name = "[CP] Embed Pods Frameworks";
			outputPaths = (
				"${TARGET_BUILD_DIR}/${FRAMEWORKS_FOLDER_PATH}/OHHTTPStubs.framework",
			);
			runOnlyForDeploymentPostprocessing = 0;
			shellPath = /bin/sh;
			shellScript = "\"${SRCROOT}/Pods/Target Support Files/Pods-virtualwalletTests/Pods-virtualwalletTests-frameworks.sh\"\n";
			showEnvVarsInLog = 0;
		};
		3681C8B9F0E7035E10AA3DF0 /* [CP] Embed Pods Frameworks */ = {
			isa = PBXShellScriptBuildPhase;
			buildActionMask = 2147483647;
			files = (
			);
			inputPaths = (
				"${SRCROOT}/Pods/Target Support Files/Pods-virtualwallet/Pods-virtualwallet-frameworks.sh",
				"${BUILT_PRODUCTS_DIR}/Alamofire/Alamofire.framework",
				"${BUILT_PRODUCTS_DIR}/R.swift.Library/Rswift.framework",
			);
			name = "[CP] Embed Pods Frameworks";
			outputPaths = (
				"${TARGET_BUILD_DIR}/${FRAMEWORKS_FOLDER_PATH}/Alamofire.framework",
				"${TARGET_BUILD_DIR}/${FRAMEWORKS_FOLDER_PATH}/Rswift.framework",
			);
			runOnlyForDeploymentPostprocessing = 0;
			shellPath = /bin/sh;
			shellScript = "\"${SRCROOT}/Pods/Target Support Files/Pods-virtualwallet/Pods-virtualwallet-frameworks.sh\"\n";
			showEnvVarsInLog = 0;
		};
		57764F472036367600FFCE08 /* RSwiftPhase */ = {
			isa = PBXShellScriptBuildPhase;
			buildActionMask = 2147483647;
			files = (
			);
			inputPaths = (
			);
			name = RSwiftPhase;
			outputPaths = (
			);
			runOnlyForDeploymentPostprocessing = 0;
			shellPath = /bin/sh;
			shellScript = "\"$PODS_ROOT/R.swift/rswift\" generate \"$SRCROOT\"";
		};
		57764F4A2036390500FFCE08 /* SwiftLint */ = {
			isa = PBXShellScriptBuildPhase;
			buildActionMask = 2147483647;
			files = (
			);
			inputPaths = (
			);
			name = SwiftLint;
			outputPaths = (
			);
			runOnlyForDeploymentPostprocessing = 0;
			shellPath = /bin/sh;
			shellScript = "\"${PODS_ROOT}/SwiftLint/swiftlint\"";
		};
		A577BC2DDC3DD8FB652482AF /* [CP] Check Pods Manifest.lock */ = {
			isa = PBXShellScriptBuildPhase;
			buildActionMask = 2147483647;
			files = (
			);
			inputPaths = (
				"${PODS_PODFILE_DIR_PATH}/Podfile.lock",
				"${PODS_ROOT}/Manifest.lock",
			);
			name = "[CP] Check Pods Manifest.lock";
			outputPaths = (
				"$(DERIVED_FILE_DIR)/Pods-virtualwallet-checkManifestLockResult.txt",
			);
			runOnlyForDeploymentPostprocessing = 0;
			shellPath = /bin/sh;
			shellScript = "diff \"${PODS_PODFILE_DIR_PATH}/Podfile.lock\" \"${PODS_ROOT}/Manifest.lock\" > /dev/null\nif [ $? != 0 ] ; then\n    # print error to STDERR\n    echo \"error: The sandbox is not in sync with the Podfile.lock. Run 'pod install' or update your CocoaPods installation.\" >&2\n    exit 1\nfi\n# This output is used by Xcode 'outputs' to avoid re-running this script phase.\necho \"SUCCESS\" > \"${SCRIPT_OUTPUT_FILE_0}\"\n";
			showEnvVarsInLog = 0;
		};
		B554A7132916B2C52D0DD5E7 /* [CP] Check Pods Manifest.lock */ = {
			isa = PBXShellScriptBuildPhase;
			buildActionMask = 2147483647;
			files = (
			);
			inputPaths = (
				"${PODS_PODFILE_DIR_PATH}/Podfile.lock",
				"${PODS_ROOT}/Manifest.lock",
			);
			name = "[CP] Check Pods Manifest.lock";
			outputPaths = (
				"$(DERIVED_FILE_DIR)/Pods-virtualwalletTests-checkManifestLockResult.txt",
			);
			runOnlyForDeploymentPostprocessing = 0;
			shellPath = /bin/sh;
			shellScript = "diff \"${PODS_PODFILE_DIR_PATH}/Podfile.lock\" \"${PODS_ROOT}/Manifest.lock\" > /dev/null\nif [ $? != 0 ] ; then\n    # print error to STDERR\n    echo \"error: The sandbox is not in sync with the Podfile.lock. Run 'pod install' or update your CocoaPods installation.\" >&2\n    exit 1\nfi\n# This output is used by Xcode 'outputs' to avoid re-running this script phase.\necho \"SUCCESS\" > \"${SCRIPT_OUTPUT_FILE_0}\"\n";
			showEnvVarsInLog = 0;
		};
/* End PBXShellScriptBuildPhase section */

/* Begin PBXSourcesBuildPhase section */
		57764F1E2036316A00FFCE08 /* Sources */ = {
			isa = PBXSourcesBuildPhase;
			buildActionMask = 2147483647;
			files = (
				5784E0652038FF170096B151 /* FetchCentralBankCurrency.swift in Sources */,
				57881F4A203BBB0800B7CFE4 /* DoubleAdditions.swift in Sources */,
				574AC2D52039130A006FFF97 /* NetworkError.swift in Sources */,
				5784E05F2038FACD0096B151 /* CentralBankRouter.swift in Sources */,
				57764F592038C5E400FFCE08 /* CurrencyProperties.swift in Sources */,
				574AC2E32039FD60006FFF97 /* Service.swift in Sources */,
				57764F5C2038D35C00FFCE08 /* TransactionError.swift in Sources */,
				5738E50B20B4FB48004FDA88 /* UITextField+Additions.swift in Sources */,
				573140A3209FD9E9000C1574 /* DisplayableMoney.swift in Sources */,
				5784E0622038FDBC0096B151 /* Date+Additions.swift in Sources */,
				5784E0592038D3AA0096B151 /* AppError.swift in Sources */,
				57764F562038C3B400FFCE08 /* Wallet.swift in Sources */,
				57921E572138BED20069E029 /* QuotationsService.swift in Sources */,
				57881F48203BABEA00B7CFE4 /* JSONError.swift in Sources */,
				5725C921204384D6001099E0 /* Router.swift in Sources */,
				57764F532038C35D00FFCE08 /* CurrencyTransaction.swift in Sources */,
				5725C91D2043822E001099E0 /* SupportedCurrencies.swift in Sources */,
				57B508A52112854600C29E70 /* TransactionEntity+CoreDataProperties.swift in Sources */,
				57ABBC9520D1F0C700834EDE /* TransactionController.swift in Sources */,
				57921E552138B78B0069E029 /* OperationError.swift in Sources */,
				5738E50E20B4FBB9004FDA88 /* CurrencyFieldDelegate.swift in Sources */,
				57BD36A720EDB10A00AE2AFC /* wallet.xcdatamodeld in Sources */,
				5725C92520438942001099E0 /* FetchDigitalCurrencyOperation.swift in Sources */,
				57D74AD6211BC5A700C5AB8D /* DataContainer.swift in Sources */,
				57921E5F2138C8320069E029 /* InitialDataCreator.swift in Sources */,
				57DB92252106A9F500E66717 /* TransactionView.swift in Sources */,
				57AEF9182043512F001E77C8 /* UIViewController+Additions.swift in Sources */,
				57764F262036316A00FFCE08 /* AppDelegate.swift in Sources */,
				57881F46203BA1F400B7CFE4 /* JSONQuotation.swift in Sources */,
				57B508A82112854600C29E70 /* CurrencyEntity+CoreDataClass.swift in Sources */,
				5720311920900AB500425EDD /* WalletError.swift in Sources */,
				57B508BA21128AE000C29E70 /* WalletDataContainer.swift in Sources */,
				57B508A72112854600C29E70 /* QuotationEntity+CoreDataProperties.swift in Sources */,
				57260A06212E49A700A44D77 /* ObservableOperation.swift in Sources */,
				57260A04212E41C300A44D77 /* Completion.swift in Sources */,
				5725C92920438F60001099E0 /* DateDecodable.swift in Sources */,
				574AC2D3203911BA006FFF97 /* RESTService.swift in Sources */,
				5725C91F204383B2001099E0 /* BitcoinMarketRouter.swift in Sources */,
				57B296B5208581C800751A0F /* WalletTableViewController.swift in Sources */,
				57B508BC2112951900C29E70 /* NSManagedObjectContext+Additions.swift in Sources */,
				57B508AB2112854600C29E70 /* WalletEntity+CoreDataProperties.swift in Sources */,
				57B508A92112854600C29E70 /* CurrencyEntity+CoreDataProperties.swift in Sources */,
				57AEF91620434BC9001E77C8 /* QuotationsViewModel.swift in Sources */,
				5784E05D2038FA6C0096B151 /* BaseRouter.swift in Sources */,
				5725C92720438B3F001099E0 /* JSONTicker.swift in Sources */,
				57764F282036316A00FFCE08 /* QuotationsViewController.swift in Sources */,
				57B296B72085825000751A0F /* WalletViewModel.swift in Sources */,
				5738E50820B4E8A9004FDA88 /* TransactionViewModel.swift in Sources */,
				5784E067203906570096B151 /* CustomOperation.swift in Sources */,
				57764F49203636F000FFCE08 /* R.generated.swift in Sources */,
				5720311E2090199300425EDD /* TransactionViewController.swift in Sources */,
				57B508AA2112854600C29E70 /* WalletEntity+CoreDataClass.swift in Sources */,
				573140A0209FD4FE000C1574 /* MainViewModel.swift in Sources */,
				57B508A42112854600C29E70 /* TransactionEntity+CoreDataClass.swift in Sources */,
				57B508A62112854600C29E70 /* QuotationEntity+CoreDataClass.swift in Sources */,
			);
			runOnlyForDeploymentPostprocessing = 0;
		};
		57764F342036316A00FFCE08 /* Sources */ = {
			isa = PBXSourcesBuildPhase;
			buildActionMask = 2147483647;
			files = (
				57764F50203649D300FFCE08 /* CurrencyTransactionTest.swift in Sources */,
				57AEF91E20435CFD001E77C8 /* DateAdditionsTest.swift in Sources */,
				5725C91B204377E0001099E0 /* QuotationsDelegateSpy.swift in Sources */,
				5725C92D20439104001099E0 /* JSONTickerTest.swift in Sources */,
				5725C92320438884001099E0 /* UpdateDigitalCurrencyOperationTest.swift in Sources */,
				57AEF91320434294001E77C8 /* JSONQuotationTest.swift in Sources */,
				574AC2DF2039F9BC006FFF97 /* UpdateCentralBankCurrencyTest.swift in Sources */,
				57AEF91B2043589E001E77C8 /* QuotationsViewModelTest.swift in Sources */,
			);
			runOnlyForDeploymentPostprocessing = 0;
		};
/* End PBXSourcesBuildPhase section */

/* Begin PBXTargetDependency section */
		57764F3A2036316A00FFCE08 /* PBXTargetDependency */ = {
			isa = PBXTargetDependency;
			target = 57764F212036316A00FFCE08 /* virtualwallet */;
			targetProxy = 57764F392036316A00FFCE08 /* PBXContainerItemProxy */;
		};
/* End PBXTargetDependency section */

/* Begin PBXVariantGroup section */
		57764F2B2036316A00FFCE08 /* Main.storyboard */ = {
			isa = PBXVariantGroup;
			children = (
				57764F2C2036316A00FFCE08 /* Base */,
			);
			name = Main.storyboard;
			sourceTree = "<group>";
		};
		57764F302036316A00FFCE08 /* LaunchScreen.storyboard */ = {
			isa = PBXVariantGroup;
			children = (
				57764F312036316A00FFCE08 /* Base */,
			);
			name = LaunchScreen.storyboard;
			sourceTree = "<group>";
		};
/* End PBXVariantGroup section */

/* Begin XCBuildConfiguration section */
		57764F3F2036316A00FFCE08 /* Debug */ = {
			isa = XCBuildConfiguration;
			buildSettings = {
				ALWAYS_SEARCH_USER_PATHS = NO;
				CLANG_ANALYZER_NONNULL = YES;
				CLANG_ANALYZER_NUMBER_OBJECT_CONVERSION = YES_AGGRESSIVE;
				CLANG_CXX_LANGUAGE_STANDARD = "gnu++14";
				CLANG_CXX_LIBRARY = "libc++";
				CLANG_ENABLE_MODULES = YES;
				CLANG_ENABLE_OBJC_ARC = YES;
				CLANG_WARN_BLOCK_CAPTURE_AUTORELEASING = YES;
				CLANG_WARN_BOOL_CONVERSION = YES;
				CLANG_WARN_COMMA = YES;
				CLANG_WARN_CONSTANT_CONVERSION = YES;
				CLANG_WARN_DEPRECATED_OBJC_IMPLEMENTATIONS = YES;
				CLANG_WARN_DIRECT_OBJC_ISA_USAGE = YES_ERROR;
				CLANG_WARN_DOCUMENTATION_COMMENTS = YES;
				CLANG_WARN_EMPTY_BODY = YES;
				CLANG_WARN_ENUM_CONVERSION = YES;
				CLANG_WARN_INFINITE_RECURSION = YES;
				CLANG_WARN_INT_CONVERSION = YES;
				CLANG_WARN_NON_LITERAL_NULL_CONVERSION = YES;
				CLANG_WARN_OBJC_IMPLICIT_RETAIN_SELF = YES;
				CLANG_WARN_OBJC_LITERAL_CONVERSION = YES;
				CLANG_WARN_OBJC_ROOT_CLASS = YES_ERROR;
				CLANG_WARN_RANGE_LOOP_ANALYSIS = YES;
				CLANG_WARN_STRICT_PROTOTYPES = YES;
				CLANG_WARN_SUSPICIOUS_MOVE = YES;
				CLANG_WARN_UNGUARDED_AVAILABILITY = YES_AGGRESSIVE;
				CLANG_WARN_UNREACHABLE_CODE = YES;
				CLANG_WARN__DUPLICATE_METHOD_MATCH = YES;
				CODE_SIGN_IDENTITY = "iPhone Developer";
				COPY_PHASE_STRIP = NO;
				DEBUG_INFORMATION_FORMAT = dwarf;
				ENABLE_STRICT_OBJC_MSGSEND = YES;
				ENABLE_TESTABILITY = YES;
				GCC_C_LANGUAGE_STANDARD = gnu11;
				GCC_DYNAMIC_NO_PIC = NO;
				GCC_NO_COMMON_BLOCKS = YES;
				GCC_OPTIMIZATION_LEVEL = 0;
				GCC_PREPROCESSOR_DEFINITIONS = (
					"DEBUG=1",
					"$(inherited)",
				);
				GCC_WARN_64_TO_32_BIT_CONVERSION = YES;
				GCC_WARN_ABOUT_RETURN_TYPE = YES_ERROR;
				GCC_WARN_UNDECLARED_SELECTOR = YES;
				GCC_WARN_UNINITIALIZED_AUTOS = YES_AGGRESSIVE;
				GCC_WARN_UNUSED_FUNCTION = YES;
				GCC_WARN_UNUSED_VARIABLE = YES;
				IPHONEOS_DEPLOYMENT_TARGET = 11.2;
				MTL_ENABLE_DEBUG_INFO = YES;
				ONLY_ACTIVE_ARCH = YES;
				SDKROOT = iphoneos;
				SWIFT_ACTIVE_COMPILATION_CONDITIONS = DEBUG;
				SWIFT_OPTIMIZATION_LEVEL = "-Onone";
				SWIFT_VERSION = 4.2;
			};
			name = Debug;
		};
		57764F402036316A00FFCE08 /* Release */ = {
			isa = XCBuildConfiguration;
			buildSettings = {
				ALWAYS_SEARCH_USER_PATHS = NO;
				CLANG_ANALYZER_NONNULL = YES;
				CLANG_ANALYZER_NUMBER_OBJECT_CONVERSION = YES_AGGRESSIVE;
				CLANG_CXX_LANGUAGE_STANDARD = "gnu++14";
				CLANG_CXX_LIBRARY = "libc++";
				CLANG_ENABLE_MODULES = YES;
				CLANG_ENABLE_OBJC_ARC = YES;
				CLANG_WARN_BLOCK_CAPTURE_AUTORELEASING = YES;
				CLANG_WARN_BOOL_CONVERSION = YES;
				CLANG_WARN_COMMA = YES;
				CLANG_WARN_CONSTANT_CONVERSION = YES;
				CLANG_WARN_DEPRECATED_OBJC_IMPLEMENTATIONS = YES;
				CLANG_WARN_DIRECT_OBJC_ISA_USAGE = YES_ERROR;
				CLANG_WARN_DOCUMENTATION_COMMENTS = YES;
				CLANG_WARN_EMPTY_BODY = YES;
				CLANG_WARN_ENUM_CONVERSION = YES;
				CLANG_WARN_INFINITE_RECURSION = YES;
				CLANG_WARN_INT_CONVERSION = YES;
				CLANG_WARN_NON_LITERAL_NULL_CONVERSION = YES;
				CLANG_WARN_OBJC_IMPLICIT_RETAIN_SELF = YES;
				CLANG_WARN_OBJC_LITERAL_CONVERSION = YES;
				CLANG_WARN_OBJC_ROOT_CLASS = YES_ERROR;
				CLANG_WARN_RANGE_LOOP_ANALYSIS = YES;
				CLANG_WARN_STRICT_PROTOTYPES = YES;
				CLANG_WARN_SUSPICIOUS_MOVE = YES;
				CLANG_WARN_UNGUARDED_AVAILABILITY = YES_AGGRESSIVE;
				CLANG_WARN_UNREACHABLE_CODE = YES;
				CLANG_WARN__DUPLICATE_METHOD_MATCH = YES;
				CODE_SIGN_IDENTITY = "iPhone Developer";
				COPY_PHASE_STRIP = NO;
				DEBUG_INFORMATION_FORMAT = "dwarf-with-dsym";
				ENABLE_NS_ASSERTIONS = NO;
				ENABLE_STRICT_OBJC_MSGSEND = YES;
				GCC_C_LANGUAGE_STANDARD = gnu11;
				GCC_NO_COMMON_BLOCKS = YES;
				GCC_WARN_64_TO_32_BIT_CONVERSION = YES;
				GCC_WARN_ABOUT_RETURN_TYPE = YES_ERROR;
				GCC_WARN_UNDECLARED_SELECTOR = YES;
				GCC_WARN_UNINITIALIZED_AUTOS = YES_AGGRESSIVE;
				GCC_WARN_UNUSED_FUNCTION = YES;
				GCC_WARN_UNUSED_VARIABLE = YES;
				IPHONEOS_DEPLOYMENT_TARGET = 11.2;
				MTL_ENABLE_DEBUG_INFO = NO;
				SDKROOT = iphoneos;
				SWIFT_OPTIMIZATION_LEVEL = "-Owholemodule";
				SWIFT_VERSION = 4.2;
				VALIDATE_PRODUCT = YES;
			};
			name = Release;
		};
		57764F422036316A00FFCE08 /* Debug */ = {
			isa = XCBuildConfiguration;
			baseConfigurationReference = 8661E187FFB4532C6EBF522B /* Pods-virtualwallet.debug.xcconfig */;
			buildSettings = {
				ASSETCATALOG_COMPILER_APPICON_NAME = AppIcon;
				CODE_SIGN_STYLE = Automatic;
				DEVELOPMENT_TEAM = SCPMD6CE95;
				INFOPLIST_FILE = virtualwallet/Info.plist;
				LD_RUNPATH_SEARCH_PATHS = "$(inherited) @executable_path/Frameworks";
				PRODUCT_BUNDLE_IDENTIFIER = com.victor.virtualwallet;
				PRODUCT_NAME = "$(TARGET_NAME)";
				SWIFT_VERSION = 4.2;
				TARGETED_DEVICE_FAMILY = "1,2";
			};
			name = Debug;
		};
		57764F432036316A00FFCE08 /* Release */ = {
			isa = XCBuildConfiguration;
			baseConfigurationReference = 2EF34C4A8A5AE5EF548A87E0 /* Pods-virtualwallet.release.xcconfig */;
			buildSettings = {
				ASSETCATALOG_COMPILER_APPICON_NAME = AppIcon;
				CODE_SIGN_STYLE = Automatic;
				DEVELOPMENT_TEAM = SCPMD6CE95;
				INFOPLIST_FILE = virtualwallet/Info.plist;
				LD_RUNPATH_SEARCH_PATHS = "$(inherited) @executable_path/Frameworks";
				PRODUCT_BUNDLE_IDENTIFIER = com.victor.virtualwallet;
				PRODUCT_NAME = "$(TARGET_NAME)";
				SWIFT_VERSION = 4.2;
				TARGETED_DEVICE_FAMILY = "1,2";
			};
			name = Release;
		};
		57764F452036316A00FFCE08 /* Debug */ = {
			isa = XCBuildConfiguration;
			baseConfigurationReference = D9F7B6A320343AA12E77F807 /* Pods-virtualwalletTests.debug.xcconfig */;
			buildSettings = {
				ALWAYS_EMBED_SWIFT_STANDARD_LIBRARIES = YES;
				BUNDLE_LOADER = "$(TEST_HOST)";
				CODE_SIGN_STYLE = Automatic;
				INFOPLIST_FILE = virtualwalletTests/Info.plist;
				LD_RUNPATH_SEARCH_PATHS = "$(inherited) @executable_path/Frameworks @loader_path/Frameworks";
				PRODUCT_BUNDLE_IDENTIFIER = com.victor.virtualwalletTests;
				PRODUCT_NAME = "$(TARGET_NAME)";
				SWIFT_VERSION = 4.2;
				TARGETED_DEVICE_FAMILY = "1,2";
				TEST_HOST = "$(BUILT_PRODUCTS_DIR)/virtualwallet.app/virtualwallet";
			};
			name = Debug;
		};
		57764F462036316A00FFCE08 /* Release */ = {
			isa = XCBuildConfiguration;
			baseConfigurationReference = DAFA3501CA3DED79F6261CCB /* Pods-virtualwalletTests.release.xcconfig */;
			buildSettings = {
				ALWAYS_EMBED_SWIFT_STANDARD_LIBRARIES = YES;
				BUNDLE_LOADER = "$(TEST_HOST)";
				CODE_SIGN_STYLE = Automatic;
				INFOPLIST_FILE = virtualwalletTests/Info.plist;
				LD_RUNPATH_SEARCH_PATHS = "$(inherited) @executable_path/Frameworks @loader_path/Frameworks";
				PRODUCT_BUNDLE_IDENTIFIER = com.victor.virtualwalletTests;
				PRODUCT_NAME = "$(TARGET_NAME)";
				SWIFT_VERSION = 4.2;
				TARGETED_DEVICE_FAMILY = "1,2";
				TEST_HOST = "$(BUILT_PRODUCTS_DIR)/virtualwallet.app/virtualwallet";
			};
			name = Release;
		};
/* End XCBuildConfiguration section */

/* Begin XCConfigurationList section */
		57764F1D2036316A00FFCE08 /* Build configuration list for PBXProject "virtualwallet" */ = {
			isa = XCConfigurationList;
			buildConfigurations = (
				57764F3F2036316A00FFCE08 /* Debug */,
				57764F402036316A00FFCE08 /* Release */,
			);
			defaultConfigurationIsVisible = 0;
			defaultConfigurationName = Release;
		};
		57764F412036316A00FFCE08 /* Build configuration list for PBXNativeTarget "virtualwallet" */ = {
			isa = XCConfigurationList;
			buildConfigurations = (
				57764F422036316A00FFCE08 /* Debug */,
				57764F432036316A00FFCE08 /* Release */,
			);
			defaultConfigurationIsVisible = 0;
			defaultConfigurationName = Release;
		};
		57764F442036316A00FFCE08 /* Build configuration list for PBXNativeTarget "virtualwalletTests" */ = {
			isa = XCConfigurationList;
			buildConfigurations = (
				57764F452036316A00FFCE08 /* Debug */,
				57764F462036316A00FFCE08 /* Release */,
			);
			defaultConfigurationIsVisible = 0;
			defaultConfigurationName = Release;
		};
/* End XCConfigurationList section */

/* Begin XCVersionGroup section */
		57BD36A520EDB10900AE2AFC /* wallet.xcdatamodeld */ = {
			isa = XCVersionGroup;
			children = (
				57BD36A620EDB10900AE2AFC /* wallet.xcdatamodel */,
			);
			currentVersion = 57BD36A620EDB10900AE2AFC /* wallet.xcdatamodel */;
			path = wallet.xcdatamodeld;
			sourceTree = "<group>";
			versionGroupType = wrapper.xcdatamodel;
		};
/* End XCVersionGroup section */
	};
	rootObject = 57764F1A2036316A00FFCE08 /* Project object */;
}
